PODS:
  - JGProgressHUD (2.2)
  - ProgressHUD (13.6.2)
  - Socket.IO-Client-Swift (16.0.1):
    - Starscream (~> 4.0)
  - Starscream (4.0.4)

DEPENDENCIES:
  - JGProgressHUD
  - ProgressHUD
  - Socket.IO-Client-Swift

SPEC REPOS:
  trunk:
    - JGProgressHUD
    - ProgressHUD
    - Socket.IO-Client-Swift
    - Starscream

SPEC CHECKSUMS:
  JGProgressHUD: d83d7a981b85d11205e19ff8ad5bb9c40571c847
  ProgressHUD: 355915c8f033e626788fa9b0d99d06e8691595ab
  Socket.IO-Client-Swift: c116d6dc9fd6be9c259bacfe143f8725bce7d79e
  Starscream: 5178aed56b316f13fa3bc55694e583d35dd414d9

PODFILE CHECKSUM: e85f54e10562c6f012a1efd5f1bd45c7315c6c60

COCOAPODS: 1.12.1
