// !$*UTF8*$!
{
	archiveVersion = 1;
	classes = {
	};
	objectVersion = 56;
	objects = {

/* Begin PBXBuildFile section */
		12632336296D4896001AD625 /* NetworkManager.swift in Sources */ = {isa = PBXBuildFile; fileRef = 12632331296D4896001AD625 /* NetworkManager.swift */; };
		12632337296D4896001AD625 /* Reachability.swift in Sources */ = {isa = PBXBuildFile; fileRef = 12632332296D4896001AD625 /* Reachability.swift */; };
		12632339296D4896001AD625 /* SocketChatManager.swift in Sources */ = {isa = PBXBuildFile; fileRef = 12632334296D4896001AD625 /* SocketChatManager.swift */; };
		1263233A296D4896001AD625 /* MimeTypes.swift in Sources */ = {isa = PBXBuildFile; fileRef = 12632335296D4896001AD625 /* MimeTypes.swift */; };
		12632361296D4EB6001AD625 /* ContactList.swift in Sources */ = {isa = PBXBuildFile; fileRef = 1263235F296D4EB6001AD625 /* ContactList.swift */; };
		12632362296D4EB6001AD625 /* List.swift in Sources */ = {isa = PBXBuildFile; fileRef = 12632360296D4EB6001AD625 /* List.swift */; };
		12632372296D4F15001AD625 /* Validations.swift in Sources */ = {isa = PBXBuildFile; fileRef = 12632363296D4F15001AD625 /* Validations.swift */; };
		12632373296D4F15001AD625 /* Utility.swift in Sources */ = {isa = PBXBuildFile; fileRef = 12632364296D4F15001AD625 /* Utility.swift */; };
		12632374296D4F15001AD625 /* Extension.swift in Sources */ = {isa = PBXBuildFile; fileRef = 12632365296D4F15001AD625 /* Extension.swift */; };
		12632375296D4F15001AD625 /* OpenSans-Semibold.ttf in Resources */ = {isa = PBXBuildFile; fileRef = 12632367296D4F15001AD625 /* OpenSans-Semibold.ttf */; };
		12632376296D4F15001AD625 /* OpenSans-Light.ttf in Resources */ = {isa = PBXBuildFile; fileRef = 12632368296D4F15001AD625 /* OpenSans-Light.ttf */; };
		12632377296D4F15001AD625 /* OpenSans-Italic.ttf in Resources */ = {isa = PBXBuildFile; fileRef = 12632369296D4F15001AD625 /* OpenSans-Italic.ttf */; };
		12632378296D4F15001AD625 /* OpenSans-ExtraBold.ttf in Resources */ = {isa = PBXBuildFile; fileRef = 1263236A296D4F15001AD625 /* OpenSans-ExtraBold.ttf */; };
		12632379296D4F15001AD625 /* OpenSans-LightItalic.ttf in Resources */ = {isa = PBXBuildFile; fileRef = 1263236B296D4F15001AD625 /* OpenSans-LightItalic.ttf */; };
		1263237A296D4F15001AD625 /* OpenSans-Bold.ttf in Resources */ = {isa = PBXBuildFile; fileRef = 1263236C296D4F15001AD625 /* OpenSans-Bold.ttf */; };
		1263237B296D4F15001AD625 /* OpenSans-SemiboldItalic.ttf in Resources */ = {isa = PBXBuildFile; fileRef = 1263236D296D4F15001AD625 /* OpenSans-SemiboldItalic.ttf */; };
		1263237C296D4F15001AD625 /* OpenSans-ExtraBoldItalic.ttf in Resources */ = {isa = PBXBuildFile; fileRef = 1263236E296D4F15001AD625 /* OpenSans-ExtraBoldItalic.ttf */; };
		1263237D296D4F15001AD625 /* OpenSans-Regular.ttf in Resources */ = {isa = PBXBuildFile; fileRef = 1263236F296D4F15001AD625 /* OpenSans-Regular.ttf */; };
		1263237E296D4F15001AD625 /* OpenSans-BoldItalic.ttf in Resources */ = {isa = PBXBuildFile; fileRef = 12632370296D4F15001AD625 /* OpenSans-BoldItalic.ttf */; };
		1263237F296D4F15001AD625 /* Enum.swift in Sources */ = {isa = PBXBuildFile; fileRef = 12632371296D4F15001AD625 /* Enum.swift */; };
		1269DA5D297558DB003DA764 /* SocketIO in Frameworks */ = {isa = PBXBuildFile; productRef = 1269DA5C297558DB003DA764 /* SocketIO */; };
		1269DA60297573F1003DA764 /* ProgressHUD in Frameworks */ = {isa = PBXBuildFile; productRef = 1269DA5F297573F1003DA764 /* ProgressHUD */; };
		12898DB428F7D8BB00DA4F75 /* Media.xcassets in Resources */ = {isa = PBXBuildFile; fileRef = 12898DB328F7D8BB00DA4F75 /* Media.xcassets */; };
		129196FC28F6F971000AD9D4 /* APlus.docc in Sources */ = {isa = PBXBuildFile; fileRef = 129196FB28F6F971000AD9D4 /* APlus.docc */; };
		1291970228F6F971000AD9D4 /* APlus.framework in Frameworks */ = {isa = PBXBuildFile; fileRef = 129196F728F6F971000AD9D4 /* APlus.framework */; };
		1291970728F6F971000AD9D4 /* APlusTests.swift in Sources */ = {isa = PBXBuildFile; fileRef = 1291970628F6F971000AD9D4 /* APlusTests.swift */; };
		1291970828F6F971000AD9D4 /* APlus.h in Headers */ = {isa = PBXBuildFile; fileRef = 129196FA28F6F971000AD9D4 /* APlus.h */; settings = {ATTRIBUTES = (Public, ); }; };
		129197F128F6FAAC000AD9D4 /* UserChatVC.xib in Resources */ = {isa = PBXBuildFile; fileRef = 1291978F28F6FAAA000AD9D4 /* UserChatVC.xib */; };
		129197F228F6FAAC000AD9D4 /* ChatVC.swift in Sources */ = {isa = PBXBuildFile; fileRef = 1291979028F6FAAA000AD9D4 /* ChatVC.swift */; };
		129197F328F6FAAC000AD9D4 /* AudioPlayVC.swift in Sources */ = {isa = PBXBuildFile; fileRef = 1291979228F6FAAA000AD9D4 /* AudioPlayVC.swift */; };
		129197F428F6FAAC000AD9D4 /* AudioPlayVC.xib in Resources */ = {isa = PBXBuildFile; fileRef = 1291979328F6FAAA000AD9D4 /* AudioPlayVC.xib */; };
		129197F528F6FAAC000AD9D4 /* GroupContVC.xib in Resources */ = {isa = PBXBuildFile; fileRef = 1291979528F6FAAA000AD9D4 /* GroupContVC.xib */; };
		129197F628F6FAAC000AD9D4 /* GroupContVC.swift in Sources */ = {isa = PBXBuildFile; fileRef = 1291979628F6FAAA000AD9D4 /* GroupContVC.swift */; };
		129197F728F6FAAC000AD9D4 /* ProfileDetail.xib in Resources */ = {isa = PBXBuildFile; fileRef = 1291979828F6FAAA000AD9D4 /* ProfileDetail.xib */; };
		129197F828F6FAAC000AD9D4 /* ProfDetailVC.swift in Sources */ = {isa = PBXBuildFile; fileRef = 1291979928F6FAAA000AD9D4 /* ProfDetailVC.swift */; };
		129197F928F6FAAC000AD9D4 /* CreateGrpVC.swift in Sources */ = {isa = PBXBuildFile; fileRef = 1291979B28F6FAAA000AD9D4 /* CreateGrpVC.swift */; };
		129197FA28F6FAAC000AD9D4 /* CreateGrpVC.xib in Resources */ = {isa = PBXBuildFile; fileRef = 1291979C28F6FAAA000AD9D4 /* CreateGrpVC.xib */; };
		129197FB28F6FAAC000AD9D4 /* ImageViewerVC.xib in Resources */ = {isa = PBXBuildFile; fileRef = 1291979E28F6FAAA000AD9D4 /* ImageViewerVC.xib */; };
		129197FC28F6FAAC000AD9D4 /* ImgViewerVC.swift in Sources */ = {isa = PBXBuildFile; fileRef = 1291979F28F6FAAA000AD9D4 /* ImgViewerVC.swift */; };
		129197FD28F6FAAC000AD9D4 /* ContactInfo.xib in Resources */ = {isa = PBXBuildFile; fileRef = 129197A128F6FAAA000AD9D4 /* ContactInfo.xib */; };
		129197FE28F6FAAC000AD9D4 /* ContactInfoVC.swift in Sources */ = {isa = PBXBuildFile; fileRef = 129197A228F6FAAA000AD9D4 /* ContactInfoVC.swift */; };
		129197FF28F6FAAC000AD9D4 /* ContactList.xib in Resources */ = {isa = PBXBuildFile; fileRef = 129197A428F6FAAA000AD9D4 /* ContactList.xib */; };
		1291980028F6FAAC000AD9D4 /* ContListVC.swift in Sources */ = {isa = PBXBuildFile; fileRef = 129197A528F6FAAA000AD9D4 /* ContListVC.swift */; };
		1291980128F6FAAC000AD9D4 /* FirstVC.swift in Sources */ = {isa = PBXBuildFile; fileRef = 129197A728F6FAAA000AD9D4 /* FirstVC.swift */; };
		1291980228F6FAAC000AD9D4 /* FirstVC.xib in Resources */ = {isa = PBXBuildFile; fileRef = 129197A828F6FAAA000AD9D4 /* FirstVC.xib */; };
		1291981028F6FAAC000AD9D4 /* OwnImgChatBubbleCell.xib in Resources */ = {isa = PBXBuildFile; fileRef = 129197BD28F6FAAB000AD9D4 /* OwnImgChatBubbleCell.xib */; };
		1291981128F6FAAC000AD9D4 /* OwnImgChatBubbleCell.swift in Sources */ = {isa = PBXBuildFile; fileRef = 129197BE28F6FAAB000AD9D4 /* OwnImgChatBubbleCell.swift */; };
		1291981228F6FAAC000AD9D4 /* OwnChatBubbleCell.xib in Resources */ = {isa = PBXBuildFile; fileRef = 129197C028F6FAAB000AD9D4 /* OwnChatBubbleCell.xib */; };
		1291981328F6FAAC000AD9D4 /* OwnChatBubbleCell.swift in Sources */ = {isa = PBXBuildFile; fileRef = 129197C128F6FAAB000AD9D4 /* OwnChatBubbleCell.swift */; };
		1291981428F6FAAC000AD9D4 /* OwnAudioBubbleCell.swift in Sources */ = {isa = PBXBuildFile; fileRef = 129197C328F6FAAB000AD9D4 /* OwnAudioBubbleCell.swift */; };
		1291981528F6FAAC000AD9D4 /* OwnAudioBubbleCell.xib in Resources */ = {isa = PBXBuildFile; fileRef = 129197C428F6FAAB000AD9D4 /* OwnAudioBubbleCell.xib */; };
		1291981628F6FAAC000AD9D4 /* OwnFileBubbleCell.xib in Resources */ = {isa = PBXBuildFile; fileRef = 129197C628F6FAAB000AD9D4 /* OwnFileBubbleCell.xib */; };
		1291981728F6FAAC000AD9D4 /* OwnFileBubbleCell.swift in Sources */ = {isa = PBXBuildFile; fileRef = 129197C728F6FAAB000AD9D4 /* OwnFileBubbleCell.swift */; };
		1291981828F6FAAC000AD9D4 /* OtherImgChatBubbleCell.xib in Resources */ = {isa = PBXBuildFile; fileRef = 129197CA28F6FAAB000AD9D4 /* OtherImgChatBubbleCell.xib */; };
		1291981928F6FAAC000AD9D4 /* OtherImgChatBubbleCell.swift in Sources */ = {isa = PBXBuildFile; fileRef = 129197CB28F6FAAB000AD9D4 /* OtherImgChatBubbleCell.swift */; };
		1291981A28F6FAAC000AD9D4 /* OtherChatBubbleCell.swift in Sources */ = {isa = PBXBuildFile; fileRef = 129197CD28F6FAAB000AD9D4 /* OtherChatBubbleCell.swift */; };
		1291981B28F6FAAC000AD9D4 /* OtherChatBubbleCell.xib in Resources */ = {isa = PBXBuildFile; fileRef = 129197CE28F6FAAB000AD9D4 /* OtherChatBubbleCell.xib */; };
		1291981C28F6FAAC000AD9D4 /* OtherAudioBubbleCell.swift in Sources */ = {isa = PBXBuildFile; fileRef = 129197D028F6FAAB000AD9D4 /* OtherAudioBubbleCell.swift */; };
		1291981D28F6FAAC000AD9D4 /* OtherAudioBubbleCell.xib in Resources */ = {isa = PBXBuildFile; fileRef = 129197D128F6FAAB000AD9D4 /* OtherAudioBubbleCell.xib */; };
		1291981E28F6FAAC000AD9D4 /* OtherFileBubbleCell.xib in Resources */ = {isa = PBXBuildFile; fileRef = 129197D328F6FAAB000AD9D4 /* OtherFileBubbleCell.xib */; };
		1291981F28F6FAAC000AD9D4 /* OtherFileBubbleCell.swift in Sources */ = {isa = PBXBuildFile; fileRef = 129197D428F6FAAB000AD9D4 /* OtherFileBubbleCell.swift */; };
		1291982028F6FAAC000AD9D4 /* ContactTVCell.swift in Sources */ = {isa = PBXBuildFile; fileRef = 129197D628F6FAAB000AD9D4 /* ContactTVCell.swift */; };
		1291982128F6FAAC000AD9D4 /* ParticipantsTVCell.xib in Resources */ = {isa = PBXBuildFile; fileRef = 129197D828F6FAAB000AD9D4 /* ParticipantsTVCell.xib */; };
		1291982228F6FAAC000AD9D4 /* ParticipantsTVCell.swift in Sources */ = {isa = PBXBuildFile; fileRef = 129197D928F6FAAB000AD9D4 /* ParticipantsTVCell.swift */; };
		1291982328F6FAAC000AD9D4 /* ContactTVCell.xib in Resources */ = {isa = PBXBuildFile; fileRef = 129197DA28F6FAAB000AD9D4 /* ContactTVCell.xib */; };
		1291982428F6FAAC000AD9D4 /* UserDetailTVCell.xib in Resources */ = {isa = PBXBuildFile; fileRef = 129197DC28F6FAAB000AD9D4 /* UserDetailTVCell.xib */; };
		1291982528F6FAAC000AD9D4 /* UserDetailTVCell.swift in Sources */ = {isa = PBXBuildFile; fileRef = 129197DD28F6FAAB000AD9D4 /* UserDetailTVCell.swift */; };
		1291982628F6FAAC000AD9D4 /* GrpContactTVCell.xib in Resources */ = {isa = PBXBuildFile; fileRef = 129197DF28F6FAAB000AD9D4 /* GrpContactTVCell.xib */; };
		1291982728F6FAAC000AD9D4 /* GrpContactTVCell.swift in Sources */ = {isa = PBXBuildFile; fileRef = 129197E028F6FAAB000AD9D4 /* GrpContactTVCell.swift */; };
		1291982828F6FAAC000AD9D4 /* ToastUtility.swift in Sources */ = {isa = PBXBuildFile; fileRef = 129197E328F6FAAB000AD9D4 /* ToastUtility.swift */; };
		1291982C28F6FAAC000AD9D4 /* ExtensionContectInfoVC.swift in Sources */ = {isa = PBXBuildFile; fileRef = 129197E828F6FAAB000AD9D4 /* ExtensionContectInfoVC.swift */; };
		1291982D28F6FAAC000AD9D4 /* ExtensionGroupContactVC.swift in Sources */ = {isa = PBXBuildFile; fileRef = 129197E928F6FAAB000AD9D4 /* ExtensionGroupContactVC.swift */; };
		1291982F28F6FAAC000AD9D4 /* ExtensionUserChatVC.swift in Sources */ = {isa = PBXBuildFile; fileRef = 129197EB28F6FAAB000AD9D4 /* ExtensionUserChatVC.swift */; };
		1291983128F6FAAC000AD9D4 /* ExtensionProfileDetailVC.swift in Sources */ = {isa = PBXBuildFile; fileRef = 129197ED28F6FAAB000AD9D4 /* ExtensionProfileDetailVC.swift */; };
		1291983328F6FAAC000AD9D4 /* Cancellable.swift in Sources */ = {isa = PBXBuildFile; fileRef = 129197F028F6FAAC000AD9D4 /* Cancellable.swift */; };
		12B8FACC2976D10A001680DB /* Checked.png in Resources */ = {isa = PBXBuildFile; fileRef = 12B8FAAD2976D109001680DB /* Checked.png */; };
		12B8FACD2976D10A001680DB /* Checked@3x.png in Resources */ = {isa = PBXBuildFile; fileRef = 12B8FAAE2976D109001680DB /* Checked@3x.png */; };
		12B8FACE2976D10A001680DB /* Checked@2x.png in Resources */ = {isa = PBXBuildFile; fileRef = 12B8FAAF2976D109001680DB /* Checked@2x.png */; };
		12B8FACF2976D10A001680DB /* Unchecked@2x.png in Resources */ = {isa = PBXBuildFile; fileRef = 12B8FAB12976D109001680DB /* Unchecked@2x.png */; };
		12B8FAD02976D10A001680DB /* Unchecked@3x.png in Resources */ = {isa = PBXBuildFile; fileRef = 12B8FAB22976D109001680DB /* Unchecked@3x.png */; };
		12B8FAD12976D10A001680DB /* Unchecked.png in Resources */ = {isa = PBXBuildFile; fileRef = 12B8FAB32976D109001680DB /* Unchecked.png */; };
		12B8FAD52976D10A001680DB /* placeholder-profile-img.png in Resources */ = {isa = PBXBuildFile; fileRef = 12B8FAB82976D109001680DB /* placeholder-profile-img.png */; };
		12B8FAD62976D10A001680DB /* Play@3x.png in Resources */ = {isa = PBXBuildFile; fileRef = 12B8FABA2976D10A001680DB /* Play@3x.png */; };
		12B8FAD72976D10A001680DB /* Play@2x.png in Resources */ = {isa = PBXBuildFile; fileRef = 12B8FABB2976D10A001680DB /* Play@2x.png */; };
		12B8FAD82976D10A001680DB /* Play.png in Resources */ = {isa = PBXBuildFile; fileRef = 12B8FABC2976D10A001680DB /* Play.png */; };
		12B8FAD92976D10A001680DB /* chat-bg.png in Resources */ = {isa = PBXBuildFile; fileRef = 12B8FABD2976D10A001680DB /* chat-bg.png */; };
		12B8FADA2976D10A001680DB /* default.png in Resources */ = {isa = PBXBuildFile; fileRef = 12B8FABE2976D10A001680DB /* default.png */; };
		12B8FADE2976D10A001680DB /* group-placeholder.jpg in Resources */ = {isa = PBXBuildFile; fileRef = 12B8FAC32976D10A001680DB /* group-placeholder.jpg */; };
		9939A98AA49D52714BBA88B1 /* Pods_APlus.framework in Frameworks */ = {isa = PBXBuildFile; fileRef = 6606705C6488F60CF2F9725A /* Pods_APlus.framework */; };
		F080B48AEF99D809A01034BF /* Pods_APlus_APlusTests.framework in Frameworks */ = {isa = PBXBuildFile; fileRef = 9003DF810F2794513CD87AE3 /* Pods_APlus_APlusTests.framework */; };
		FA0EC56C2A29DC6100DB5BFE /* ChatModel.swift in Sources */ = {isa = PBXBuildFile; fileRef = FA0EC5692A29DC6100DB5BFE /* ChatModel.swift */; };
		FA0EC56D2A29DC6100DB5BFE /* SentAt.swift in Sources */ = {isa = PBXBuildFile; fileRef = FA0EC56A2A29DC6100DB5BFE /* SentAt.swift */; };
		FA0EC56E2A29DC6100DB5BFE /* TimeMilliSeconds.swift in Sources */ = {isa = PBXBuildFile; fileRef = FA0EC56B2A29DC6100DB5BFE /* TimeMilliSeconds.swift */; };
		FA35EC40299A1CF700B75EF4 /* video@1x.png in Resources */ = {isa = PBXBuildFile; fileRef = FA35EC2D299A1CF600B75EF4 /* video@1x.png */; };
		FA35EC41299A1CF700B75EF4 /* video.png in Resources */ = {isa = PBXBuildFile; fileRef = FA35EC2E299A1CF600B75EF4 /* video.png */; };
		FA35EC42299A1CF700B75EF4 /* video@2x.png in Resources */ = {isa = PBXBuildFile; fileRef = FA35EC2F299A1CF600B75EF4 /* video@2x.png */; };
		FA35EC43299A1CF700B75EF4 /* video@3x.png in Resources */ = {isa = PBXBuildFile; fileRef = FA35EC30299A1CF600B75EF4 /* video@3x.png */; };
		FA35EC44299A1CF700B75EF4 /* image@3x.png in Resources */ = {isa = PBXBuildFile; fileRef = FA35EC32299A1CF600B75EF4 /* image@3x.png */; };
		FA35EC45299A1CF700B75EF4 /* image@2x.png in Resources */ = {isa = PBXBuildFile; fileRef = FA35EC33299A1CF600B75EF4 /* image@2x.png */; };
		FA35EC46299A1CF700B75EF4 /* image@1x.png in Resources */ = {isa = PBXBuildFile; fileRef = FA35EC34299A1CF600B75EF4 /* image@1x.png */; };
		FA35EC47299A1CF700B75EF4 /* image.png in Resources */ = {isa = PBXBuildFile; fileRef = FA35EC35299A1CF600B75EF4 /* image.png */; };
		FA35EC48299A1CF700B75EF4 /* audio@2x.png in Resources */ = {isa = PBXBuildFile; fileRef = FA35EC37299A1CF600B75EF4 /* audio@2x.png */; };
		FA35EC49299A1CF700B75EF4 /* audio@3x.png in Resources */ = {isa = PBXBuildFile; fileRef = FA35EC38299A1CF600B75EF4 /* audio@3x.png */; };
		FA35EC4A299A1CF700B75EF4 /* audio.png in Resources */ = {isa = PBXBuildFile; fileRef = FA35EC39299A1CF600B75EF4 /* audio.png */; };
		FA35EC4B299A1CF700B75EF4 /* audio@1x.png in Resources */ = {isa = PBXBuildFile; fileRef = FA35EC3A299A1CF600B75EF4 /* audio@1x.png */; };
		FA35EC4C299A1CF700B75EF4 /* document@2x.png in Resources */ = {isa = PBXBuildFile; fileRef = FA35EC3C299A1CF700B75EF4 /* document@2x.png */; };
		FA35EC4D299A1CF700B75EF4 /* document.png in Resources */ = {isa = PBXBuildFile; fileRef = FA35EC3D299A1CF700B75EF4 /* document.png */; };
		FA35EC4E299A1CF700B75EF4 /* document@3x.png in Resources */ = {isa = PBXBuildFile; fileRef = FA35EC3E299A1CF700B75EF4 /* document@3x.png */; };
		FA35EC4F299A1CF700B75EF4 /* document@1x.png in Resources */ = {isa = PBXBuildFile; fileRef = FA35EC3F299A1CF700B75EF4 /* document@1x.png */; };
		FA61E3762A5817F7005D963B /* ForwardMsgGrpListVC.swift in Sources */ = {isa = PBXBuildFile; fileRef = FA61E3742A5817F7005D963B /* ForwardMsgGrpListVC.swift */; };
		FA61E3772A5817F7005D963B /* ForwardMsgGrpListVC.xib in Resources */ = {isa = PBXBuildFile; fileRef = FA61E3752A5817F7005D963B /* ForwardMsgGrpListVC.xib */; };
		FA72AD2829C2FA80009B9B23 /* reply@3x.png in Resources */ = {isa = PBXBuildFile; fileRef = FA72AD2529C2FA80009B9B23 /* reply@3x.png */; };
		FA72AD2929C2FA80009B9B23 /* reply.png in Resources */ = {isa = PBXBuildFile; fileRef = FA72AD2629C2FA80009B9B23 /* reply.png */; };
		FA72AD2A29C2FA80009B9B23 /* reply@2x.png in Resources */ = {isa = PBXBuildFile; fileRef = FA72AD2729C2FA80009B9B23 /* reply@2x.png */; };
		FA9817E329BA19F8007C59AB /* OwnReplyTVCell.xib in Resources */ = {isa = PBXBuildFile; fileRef = FA9817E129BA19F8007C59AB /* OwnReplyTVCell.xib */; };
		FA9817E429BA19F8007C59AB /* OwnReplyTVCell.swift in Sources */ = {isa = PBXBuildFile; fileRef = FA9817E229BA19F8007C59AB /* OwnReplyTVCell.swift */; };
		FA9817E729BA1A0F007C59AB /* OtherReplyTVCell.swift in Sources */ = {isa = PBXBuildFile; fileRef = FA9817E529BA1A0F007C59AB /* OtherReplyTVCell.swift */; };
		FA9817E829BA1A0F007C59AB /* OtherReplyTVCell.xib in Resources */ = {isa = PBXBuildFile; fileRef = FA9817E629BA1A0F007C59AB /* OtherReplyTVCell.xib */; };
		FAC2DB4A2A271AB2008CAD4E /* GetGroupList.swift in Sources */ = {isa = PBXBuildFile; fileRef = FAC2DB402A271AB1008CAD4E /* GetGroupList.swift */; };
		FAC2DB4B2A271AB2008CAD4E /* GroupDetail.swift in Sources */ = {isa = PBXBuildFile; fileRef = FAC2DB412A271AB1008CAD4E /* GroupDetail.swift */; };
		FAC2DB4C2A271AB2008CAD4E /* Users.swift in Sources */ = {isa = PBXBuildFile; fileRef = FAC2DB422A271AB1008CAD4E /* Users.swift */; };
		FAC2DB4D2A271AB2008CAD4E /* GroupPermission.swift in Sources */ = {isa = PBXBuildFile; fileRef = FAC2DB432A271AB1008CAD4E /* GroupPermission.swift */; };
		FAC2DB4E2A271AB2008CAD4E /* RecentMessage.swift in Sources */ = {isa = PBXBuildFile; fileRef = FAC2DB442A271AB1008CAD4E /* RecentMessage.swift */; };
		FAC2DB4F2A271AB2008CAD4E /* LastUpdatedAt.swift in Sources */ = {isa = PBXBuildFile; fileRef = FAC2DB452A271AB2008CAD4E /* LastUpdatedAt.swift */; };
		FAC2DB502A271AB2008CAD4E /* ReadCount.swift in Sources */ = {isa = PBXBuildFile; fileRef = FAC2DB462A271AB2008CAD4E /* ReadCount.swift */; };
		FAC2DB512A271AB2008CAD4E /* Permission.swift in Sources */ = {isa = PBXBuildFile; fileRef = FAC2DB472A271AB2008CAD4E /* Permission.swift */; };
		FAC2DB522A271AB2008CAD4E /* ModifiedAt.swift in Sources */ = {isa = PBXBuildFile; fileRef = FAC2DB482A271AB2008CAD4E /* ModifiedAt.swift */; };
		FAC2DB532A271AB2008CAD4E /* CreateAt.swift in Sources */ = {isa = PBXBuildFile; fileRef = FAC2DB492A271AB2008CAD4E /* CreateAt.swift */; };
		FAC2DB552A271AD5008CAD4E /* GetPreviousChat.swift in Sources */ = {isa = PBXBuildFile; fileRef = FAC2DB542A271AD5008CAD4E /* GetPreviousChat.swift */; };
		FAFAA8262A581944002B7808 /* ForwardGrpTVCell.xib in Resources */ = {isa = PBXBuildFile; fileRef = FAFAA8242A581944002B7808 /* ForwardGrpTVCell.xib */; };
		FAFAA8272A581944002B7808 /* ForwardGrpTVCell.swift in Sources */ = {isa = PBXBuildFile; fileRef = FAFAA8252A581944002B7808 /* ForwardGrpTVCell.swift */; };
/* End PBXBuildFile section */

/* Begin PBXContainerItemProxy section */
		1291970328F6F971000AD9D4 /* PBXContainerItemProxy */ = {
			isa = PBXContainerItemProxy;
			containerPortal = 129196EE28F6F971000AD9D4 /* Project object */;
			proxyType = 1;
			remoteGlobalIDString = 129196F628F6F971000AD9D4;
			remoteInfo = APlus;
		};
/* End PBXContainerItemProxy section */

/* Begin PBXFileReference section */
		12632331296D4896001AD625 /* NetworkManager.swift */ = {isa = PBXFileReference; fileEncoding = 4; lastKnownFileType = sourcecode.swift; path = NetworkManager.swift; sourceTree = "<group>"; };
		12632332296D4896001AD625 /* Reachability.swift */ = {isa = PBXFileReference; fileEncoding = 4; lastKnownFileType = sourcecode.swift; path = Reachability.swift; sourceTree = "<group>"; };
		12632334296D4896001AD625 /* SocketChatManager.swift */ = {isa = PBXFileReference; fileEncoding = 4; lastKnownFileType = sourcecode.swift; path = SocketChatManager.swift; sourceTree = "<group>"; };
		12632335296D4896001AD625 /* MimeTypes.swift */ = {isa = PBXFileReference; fileEncoding = 4; lastKnownFileType = sourcecode.swift; path = MimeTypes.swift; sourceTree = "<group>"; };
		1263235F296D4EB6001AD625 /* ContactList.swift */ = {isa = PBXFileReference; fileEncoding = 4; lastKnownFileType = sourcecode.swift; path = ContactList.swift; sourceTree = "<group>"; };
		12632360296D4EB6001AD625 /* List.swift */ = {isa = PBXFileReference; fileEncoding = 4; lastKnownFileType = sourcecode.swift; path = List.swift; sourceTree = "<group>"; };
		12632363296D4F15001AD625 /* Validations.swift */ = {isa = PBXFileReference; fileEncoding = 4; lastKnownFileType = sourcecode.swift; path = Validations.swift; sourceTree = "<group>"; };
		12632364296D4F15001AD625 /* Utility.swift */ = {isa = PBXFileReference; fileEncoding = 4; lastKnownFileType = sourcecode.swift; path = Utility.swift; sourceTree = "<group>"; };
		12632365296D4F15001AD625 /* Extension.swift */ = {isa = PBXFileReference; fileEncoding = 4; lastKnownFileType = sourcecode.swift; path = Extension.swift; sourceTree = "<group>"; };
		12632367296D4F15001AD625 /* OpenSans-Semibold.ttf */ = {isa = PBXFileReference; lastKnownFileType = file; path = "OpenSans-Semibold.ttf"; sourceTree = "<group>"; };
		12632368296D4F15001AD625 /* OpenSans-Light.ttf */ = {isa = PBXFileReference; lastKnownFileType = file; path = "OpenSans-Light.ttf"; sourceTree = "<group>"; };
		12632369296D4F15001AD625 /* OpenSans-Italic.ttf */ = {isa = PBXFileReference; lastKnownFileType = file; path = "OpenSans-Italic.ttf"; sourceTree = "<group>"; };
		1263236A296D4F15001AD625 /* OpenSans-ExtraBold.ttf */ = {isa = PBXFileReference; lastKnownFileType = file; path = "OpenSans-ExtraBold.ttf"; sourceTree = "<group>"; };
		1263236B296D4F15001AD625 /* OpenSans-LightItalic.ttf */ = {isa = PBXFileReference; lastKnownFileType = file; path = "OpenSans-LightItalic.ttf"; sourceTree = "<group>"; };
		1263236C296D4F15001AD625 /* OpenSans-Bold.ttf */ = {isa = PBXFileReference; lastKnownFileType = file; path = "OpenSans-Bold.ttf"; sourceTree = "<group>"; };
		1263236D296D4F15001AD625 /* OpenSans-SemiboldItalic.ttf */ = {isa = PBXFileReference; lastKnownFileType = file; path = "OpenSans-SemiboldItalic.ttf"; sourceTree = "<group>"; };
		1263236E296D4F15001AD625 /* OpenSans-ExtraBoldItalic.ttf */ = {isa = PBXFileReference; lastKnownFileType = file; path = "OpenSans-ExtraBoldItalic.ttf"; sourceTree = "<group>"; };
		1263236F296D4F15001AD625 /* OpenSans-Regular.ttf */ = {isa = PBXFileReference; lastKnownFileType = file; path = "OpenSans-Regular.ttf"; sourceTree = "<group>"; };
		12632370296D4F15001AD625 /* OpenSans-BoldItalic.ttf */ = {isa = PBXFileReference; lastKnownFileType = file; path = "OpenSans-BoldItalic.ttf"; sourceTree = "<group>"; };
		12632371296D4F15001AD625 /* Enum.swift */ = {isa = PBXFileReference; fileEncoding = 4; lastKnownFileType = sourcecode.swift; path = Enum.swift; sourceTree = "<group>"; };
		12898DB328F7D8BB00DA4F75 /* Media.xcassets */ = {isa = PBXFileReference; lastKnownFileType = folder.assetcatalog; path = Media.xcassets; sourceTree = "<group>"; };
		129196F728F6F971000AD9D4 /* APlus.framework */ = {isa = PBXFileReference; explicitFileType = wrapper.framework; includeInIndex = 0; path = APlus.framework; sourceTree = BUILT_PRODUCTS_DIR; };
		129196FA28F6F971000AD9D4 /* APlus.h */ = {isa = PBXFileReference; lastKnownFileType = sourcecode.c.h; path = APlus.h; sourceTree = "<group>"; };
		129196FB28F6F971000AD9D4 /* APlus.docc */ = {isa = PBXFileReference; lastKnownFileType = folder.documentationcatalog; path = APlus.docc; sourceTree = "<group>"; };
		1291970128F6F971000AD9D4 /* APlusTests.xctest */ = {isa = PBXFileReference; explicitFileType = wrapper.cfbundle; includeInIndex = 0; path = APlusTests.xctest; sourceTree = BUILT_PRODUCTS_DIR; };
		1291970628F6F971000AD9D4 /* APlusTests.swift */ = {isa = PBXFileReference; lastKnownFileType = sourcecode.swift; path = APlusTests.swift; sourceTree = "<group>"; };
		1291978F28F6FAAA000AD9D4 /* UserChatVC.xib */ = {isa = PBXFileReference; fileEncoding = 4; lastKnownFileType = file.xib; path = UserChatVC.xib; sourceTree = "<group>"; };
		1291979028F6FAAA000AD9D4 /* ChatVC.swift */ = {isa = PBXFileReference; fileEncoding = 4; lastKnownFileType = sourcecode.swift; path = ChatVC.swift; sourceTree = "<group>"; };
		1291979228F6FAAA000AD9D4 /* AudioPlayVC.swift */ = {isa = PBXFileReference; fileEncoding = 4; lastKnownFileType = sourcecode.swift; path = AudioPlayVC.swift; sourceTree = "<group>"; };
		1291979328F6FAAA000AD9D4 /* AudioPlayVC.xib */ = {isa = PBXFileReference; fileEncoding = 4; lastKnownFileType = file.xib; path = AudioPlayVC.xib; sourceTree = "<group>"; };
		1291979528F6FAAA000AD9D4 /* GroupContVC.xib */ = {isa = PBXFileReference; fileEncoding = 4; lastKnownFileType = file.xib; path = GroupContVC.xib; sourceTree = "<group>"; };
		1291979628F6FAAA000AD9D4 /* GroupContVC.swift */ = {isa = PBXFileReference; fileEncoding = 4; lastKnownFileType = sourcecode.swift; path = GroupContVC.swift; sourceTree = "<group>"; };
		1291979828F6FAAA000AD9D4 /* ProfileDetail.xib */ = {isa = PBXFileReference; fileEncoding = 4; lastKnownFileType = file.xib; path = ProfileDetail.xib; sourceTree = "<group>"; };
		1291979928F6FAAA000AD9D4 /* ProfDetailVC.swift */ = {isa = PBXFileReference; fileEncoding = 4; lastKnownFileType = sourcecode.swift; path = ProfDetailVC.swift; sourceTree = "<group>"; };
		1291979B28F6FAAA000AD9D4 /* CreateGrpVC.swift */ = {isa = PBXFileReference; fileEncoding = 4; lastKnownFileType = sourcecode.swift; path = CreateGrpVC.swift; sourceTree = "<group>"; };
		1291979C28F6FAAA000AD9D4 /* CreateGrpVC.xib */ = {isa = PBXFileReference; fileEncoding = 4; lastKnownFileType = file.xib; path = CreateGrpVC.xib; sourceTree = "<group>"; };
		1291979E28F6FAAA000AD9D4 /* ImageViewerVC.xib */ = {isa = PBXFileReference; fileEncoding = 4; lastKnownFileType = file.xib; path = ImageViewerVC.xib; sourceTree = "<group>"; };
		1291979F28F6FAAA000AD9D4 /* ImgViewerVC.swift */ = {isa = PBXFileReference; fileEncoding = 4; lastKnownFileType = sourcecode.swift; path = ImgViewerVC.swift; sourceTree = "<group>"; };
		129197A128F6FAAA000AD9D4 /* ContactInfo.xib */ = {isa = PBXFileReference; fileEncoding = 4; lastKnownFileType = file.xib; path = ContactInfo.xib; sourceTree = "<group>"; };
		129197A228F6FAAA000AD9D4 /* ContactInfoVC.swift */ = {isa = PBXFileReference; fileEncoding = 4; lastKnownFileType = sourcecode.swift; path = ContactInfoVC.swift; sourceTree = "<group>"; };
		129197A428F6FAAA000AD9D4 /* ContactList.xib */ = {isa = PBXFileReference; fileEncoding = 4; lastKnownFileType = file.xib; path = ContactList.xib; sourceTree = "<group>"; };
		129197A528F6FAAA000AD9D4 /* ContListVC.swift */ = {isa = PBXFileReference; fileEncoding = 4; lastKnownFileType = sourcecode.swift; path = ContListVC.swift; sourceTree = "<group>"; };
		129197A728F6FAAA000AD9D4 /* FirstVC.swift */ = {isa = PBXFileReference; fileEncoding = 4; lastKnownFileType = sourcecode.swift; path = FirstVC.swift; sourceTree = "<group>"; };
		129197A828F6FAAA000AD9D4 /* FirstVC.xib */ = {isa = PBXFileReference; fileEncoding = 4; lastKnownFileType = file.xib; path = FirstVC.xib; sourceTree = "<group>"; };
		129197BD28F6FAAB000AD9D4 /* OwnImgChatBubbleCell.xib */ = {isa = PBXFileReference; fileEncoding = 4; lastKnownFileType = file.xib; path = OwnImgChatBubbleCell.xib; sourceTree = "<group>"; };
		129197BE28F6FAAB000AD9D4 /* OwnImgChatBubbleCell.swift */ = {isa = PBXFileReference; fileEncoding = 4; lastKnownFileType = sourcecode.swift; path = OwnImgChatBubbleCell.swift; sourceTree = "<group>"; };
		129197C028F6FAAB000AD9D4 /* OwnChatBubbleCell.xib */ = {isa = PBXFileReference; fileEncoding = 4; lastKnownFileType = file.xib; path = OwnChatBubbleCell.xib; sourceTree = "<group>"; };
		129197C128F6FAAB000AD9D4 /* OwnChatBubbleCell.swift */ = {isa = PBXFileReference; fileEncoding = 4; lastKnownFileType = sourcecode.swift; path = OwnChatBubbleCell.swift; sourceTree = "<group>"; };
		129197C328F6FAAB000AD9D4 /* OwnAudioBubbleCell.swift */ = {isa = PBXFileReference; fileEncoding = 4; lastKnownFileType = sourcecode.swift; path = OwnAudioBubbleCell.swift; sourceTree = "<group>"; };
		129197C428F6FAAB000AD9D4 /* OwnAudioBubbleCell.xib */ = {isa = PBXFileReference; fileEncoding = 4; lastKnownFileType = file.xib; path = OwnAudioBubbleCell.xib; sourceTree = "<group>"; };
		129197C628F6FAAB000AD9D4 /* OwnFileBubbleCell.xib */ = {isa = PBXFileReference; fileEncoding = 4; lastKnownFileType = file.xib; path = OwnFileBubbleCell.xib; sourceTree = "<group>"; };
		129197C728F6FAAB000AD9D4 /* OwnFileBubbleCell.swift */ = {isa = PBXFileReference; fileEncoding = 4; lastKnownFileType = sourcecode.swift; path = OwnFileBubbleCell.swift; sourceTree = "<group>"; };
		129197CA28F6FAAB000AD9D4 /* OtherImgChatBubbleCell.xib */ = {isa = PBXFileReference; fileEncoding = 4; lastKnownFileType = file.xib; path = OtherImgChatBubbleCell.xib; sourceTree = "<group>"; };
		129197CB28F6FAAB000AD9D4 /* OtherImgChatBubbleCell.swift */ = {isa = PBXFileReference; fileEncoding = 4; lastKnownFileType = sourcecode.swift; path = OtherImgChatBubbleCell.swift; sourceTree = "<group>"; };
		129197CD28F6FAAB000AD9D4 /* OtherChatBubbleCell.swift */ = {isa = PBXFileReference; fileEncoding = 4; lastKnownFileType = sourcecode.swift; path = OtherChatBubbleCell.swift; sourceTree = "<group>"; };
		129197CE28F6FAAB000AD9D4 /* OtherChatBubbleCell.xib */ = {isa = PBXFileReference; fileEncoding = 4; lastKnownFileType = file.xib; path = OtherChatBubbleCell.xib; sourceTree = "<group>"; };
		129197D028F6FAAB000AD9D4 /* OtherAudioBubbleCell.swift */ = {isa = PBXFileReference; fileEncoding = 4; lastKnownFileType = sourcecode.swift; path = OtherAudioBubbleCell.swift; sourceTree = "<group>"; };
		129197D128F6FAAB000AD9D4 /* OtherAudioBubbleCell.xib */ = {isa = PBXFileReference; fileEncoding = 4; lastKnownFileType = file.xib; path = OtherAudioBubbleCell.xib; sourceTree = "<group>"; };
		129197D328F6FAAB000AD9D4 /* OtherFileBubbleCell.xib */ = {isa = PBXFileReference; fileEncoding = 4; lastKnownFileType = file.xib; path = OtherFileBubbleCell.xib; sourceTree = "<group>"; };
		129197D428F6FAAB000AD9D4 /* OtherFileBubbleCell.swift */ = {isa = PBXFileReference; fileEncoding = 4; lastKnownFileType = sourcecode.swift; path = OtherFileBubbleCell.swift; sourceTree = "<group>"; };
		129197D628F6FAAB000AD9D4 /* ContactTVCell.swift */ = {isa = PBXFileReference; fileEncoding = 4; lastKnownFileType = sourcecode.swift; path = ContactTVCell.swift; sourceTree = "<group>"; };
		129197D828F6FAAB000AD9D4 /* ParticipantsTVCell.xib */ = {isa = PBXFileReference; fileEncoding = 4; lastKnownFileType = file.xib; path = ParticipantsTVCell.xib; sourceTree = "<group>"; };
		129197D928F6FAAB000AD9D4 /* ParticipantsTVCell.swift */ = {isa = PBXFileReference; fileEncoding = 4; lastKnownFileType = sourcecode.swift; path = ParticipantsTVCell.swift; sourceTree = "<group>"; };
		129197DA28F6FAAB000AD9D4 /* ContactTVCell.xib */ = {isa = PBXFileReference; fileEncoding = 4; lastKnownFileType = file.xib; path = ContactTVCell.xib; sourceTree = "<group>"; };
		129197DC28F6FAAB000AD9D4 /* UserDetailTVCell.xib */ = {isa = PBXFileReference; fileEncoding = 4; lastKnownFileType = file.xib; path = UserDetailTVCell.xib; sourceTree = "<group>"; };
		129197DD28F6FAAB000AD9D4 /* UserDetailTVCell.swift */ = {isa = PBXFileReference; fileEncoding = 4; lastKnownFileType = sourcecode.swift; path = UserDetailTVCell.swift; sourceTree = "<group>"; };
		129197DF28F6FAAB000AD9D4 /* GrpContactTVCell.xib */ = {isa = PBXFileReference; fileEncoding = 4; lastKnownFileType = file.xib; path = GrpContactTVCell.xib; sourceTree = "<group>"; };
		129197E028F6FAAB000AD9D4 /* GrpContactTVCell.swift */ = {isa = PBXFileReference; fileEncoding = 4; lastKnownFileType = sourcecode.swift; path = GrpContactTVCell.swift; sourceTree = "<group>"; };
		129197E328F6FAAB000AD9D4 /* ToastUtility.swift */ = {isa = PBXFileReference; fileEncoding = 4; lastKnownFileType = sourcecode.swift; path = ToastUtility.swift; sourceTree = "<group>"; };
		129197E828F6FAAB000AD9D4 /* ExtensionContectInfoVC.swift */ = {isa = PBXFileReference; fileEncoding = 4; lastKnownFileType = sourcecode.swift; path = ExtensionContectInfoVC.swift; sourceTree = "<group>"; };
		129197E928F6FAAB000AD9D4 /* ExtensionGroupContactVC.swift */ = {isa = PBXFileReference; fileEncoding = 4; lastKnownFileType = sourcecode.swift; path = ExtensionGroupContactVC.swift; sourceTree = "<group>"; };
		129197EB28F6FAAB000AD9D4 /* ExtensionUserChatVC.swift */ = {isa = PBXFileReference; fileEncoding = 4; lastKnownFileType = sourcecode.swift; path = ExtensionUserChatVC.swift; sourceTree = "<group>"; };
		129197ED28F6FAAB000AD9D4 /* ExtensionProfileDetailVC.swift */ = {isa = PBXFileReference; fileEncoding = 4; lastKnownFileType = sourcecode.swift; path = ExtensionProfileDetailVC.swift; sourceTree = "<group>"; };
		129197F028F6FAAC000AD9D4 /* Cancellable.swift */ = {isa = PBXFileReference; fileEncoding = 4; lastKnownFileType = sourcecode.swift; path = Cancellable.swift; sourceTree = "<group>"; };
		12B8FAAD2976D109001680DB /* Checked.png */ = {isa = PBXFileReference; lastKnownFileType = image.png; path = Checked.png; sourceTree = "<group>"; };
		12B8FAAE2976D109001680DB /* Checked@3x.png */ = {isa = PBXFileReference; lastKnownFileType = image.png; path = "Checked@3x.png"; sourceTree = "<group>"; };
		12B8FAAF2976D109001680DB /* Checked@2x.png */ = {isa = PBXFileReference; lastKnownFileType = image.png; path = "Checked@2x.png"; sourceTree = "<group>"; };
		12B8FAB12976D109001680DB /* Unchecked@2x.png */ = {isa = PBXFileReference; lastKnownFileType = image.png; path = "Unchecked@2x.png"; sourceTree = "<group>"; };
		12B8FAB22976D109001680DB /* Unchecked@3x.png */ = {isa = PBXFileReference; lastKnownFileType = image.png; path = "Unchecked@3x.png"; sourceTree = "<group>"; };
		12B8FAB32976D109001680DB /* Unchecked.png */ = {isa = PBXFileReference; lastKnownFileType = image.png; path = Unchecked.png; sourceTree = "<group>"; };
		12B8FAB82976D109001680DB /* placeholder-profile-img.png */ = {isa = PBXFileReference; lastKnownFileType = image.png; path = "placeholder-profile-img.png"; sourceTree = "<group>"; };
		12B8FABA2976D10A001680DB /* Play@3x.png */ = {isa = PBXFileReference; lastKnownFileType = image.png; path = "Play@3x.png"; sourceTree = "<group>"; };
		12B8FABB2976D10A001680DB /* Play@2x.png */ = {isa = PBXFileReference; lastKnownFileType = image.png; path = "Play@2x.png"; sourceTree = "<group>"; };
		12B8FABC2976D10A001680DB /* Play.png */ = {isa = PBXFileReference; lastKnownFileType = image.png; path = Play.png; sourceTree = "<group>"; };
		12B8FABD2976D10A001680DB /* chat-bg.png */ = {isa = PBXFileReference; lastKnownFileType = image.png; path = "chat-bg.png"; sourceTree = "<group>"; };
		12B8FABE2976D10A001680DB /* default.png */ = {isa = PBXFileReference; lastKnownFileType = image.png; path = default.png; sourceTree = "<group>"; };
		12B8FAC32976D10A001680DB /* group-placeholder.jpg */ = {isa = PBXFileReference; lastKnownFileType = image.jpeg; path = "group-placeholder.jpg"; sourceTree = "<group>"; };
		4459653E97EAFD073AEEC89E /* Pods-APlus-APlusTests.debug.xcconfig */ = {isa = PBXFileReference; includeInIndex = 1; lastKnownFileType = text.xcconfig; name = "Pods-APlus-APlusTests.debug.xcconfig"; path = "Target Support Files/Pods-APlus-APlusTests/Pods-APlus-APlusTests.debug.xcconfig"; sourceTree = "<group>"; };
		6606705C6488F60CF2F9725A /* Pods_APlus.framework */ = {isa = PBXFileReference; explicitFileType = wrapper.framework; includeInIndex = 0; path = Pods_APlus.framework; sourceTree = BUILT_PRODUCTS_DIR; };
		73956D241E850909FBFAE256 /* Pods-APlus-APlusTests.release.xcconfig */ = {isa = PBXFileReference; includeInIndex = 1; lastKnownFileType = text.xcconfig; name = "Pods-APlus-APlusTests.release.xcconfig"; path = "Target Support Files/Pods-APlus-APlusTests/Pods-APlus-APlusTests.release.xcconfig"; sourceTree = "<group>"; };
		9003DF810F2794513CD87AE3 /* Pods_APlus_APlusTests.framework */ = {isa = PBXFileReference; explicitFileType = wrapper.framework; includeInIndex = 0; path = Pods_APlus_APlusTests.framework; sourceTree = BUILT_PRODUCTS_DIR; };
		93A7166BE1E8E52103F7B102 /* Pods-APlus.release.xcconfig */ = {isa = PBXFileReference; includeInIndex = 1; lastKnownFileType = text.xcconfig; name = "Pods-APlus.release.xcconfig"; path = "Target Support Files/Pods-APlus/Pods-APlus.release.xcconfig"; sourceTree = "<group>"; };
		E1C32E6CFDD6EFA0B1E54A91 /* Pods-APlus.debug.xcconfig */ = {isa = PBXFileReference; includeInIndex = 1; lastKnownFileType = text.xcconfig; name = "Pods-APlus.debug.xcconfig"; path = "Target Support Files/Pods-APlus/Pods-APlus.debug.xcconfig"; sourceTree = "<group>"; };
		FA0EC5692A29DC6100DB5BFE /* ChatModel.swift */ = {isa = PBXFileReference; fileEncoding = 4; lastKnownFileType = sourcecode.swift; path = ChatModel.swift; sourceTree = "<group>"; };
		FA0EC56A2A29DC6100DB5BFE /* SentAt.swift */ = {isa = PBXFileReference; fileEncoding = 4; lastKnownFileType = sourcecode.swift; path = SentAt.swift; sourceTree = "<group>"; };
		FA0EC56B2A29DC6100DB5BFE /* TimeMilliSeconds.swift */ = {isa = PBXFileReference; fileEncoding = 4; lastKnownFileType = sourcecode.swift; path = TimeMilliSeconds.swift; sourceTree = "<group>"; };
		FA35EC2D299A1CF600B75EF4 /* video@1x.png */ = {isa = PBXFileReference; lastKnownFileType = image.png; path = "video@1x.png"; sourceTree = "<group>"; };
		FA35EC2E299A1CF600B75EF4 /* video.png */ = {isa = PBXFileReference; lastKnownFileType = image.png; path = video.png; sourceTree = "<group>"; };
		FA35EC2F299A1CF600B75EF4 /* video@2x.png */ = {isa = PBXFileReference; lastKnownFileType = image.png; path = "video@2x.png"; sourceTree = "<group>"; };
		FA35EC30299A1CF600B75EF4 /* video@3x.png */ = {isa = PBXFileReference; lastKnownFileType = image.png; path = "video@3x.png"; sourceTree = "<group>"; };
		FA35EC32299A1CF600B75EF4 /* image@3x.png */ = {isa = PBXFileReference; lastKnownFileType = image.png; path = "image@3x.png"; sourceTree = "<group>"; };
		FA35EC33299A1CF600B75EF4 /* image@2x.png */ = {isa = PBXFileReference; lastKnownFileType = image.png; path = "image@2x.png"; sourceTree = "<group>"; };
		FA35EC34299A1CF600B75EF4 /* image@1x.png */ = {isa = PBXFileReference; lastKnownFileType = image.png; path = "image@1x.png"; sourceTree = "<group>"; };
		FA35EC35299A1CF600B75EF4 /* image.png */ = {isa = PBXFileReference; lastKnownFileType = image.png; path = image.png; sourceTree = "<group>"; };
		FA35EC37299A1CF600B75EF4 /* audio@2x.png */ = {isa = PBXFileReference; lastKnownFileType = image.png; path = "audio@2x.png"; sourceTree = "<group>"; };
		FA35EC38299A1CF600B75EF4 /* audio@3x.png */ = {isa = PBXFileReference; lastKnownFileType = image.png; path = "audio@3x.png"; sourceTree = "<group>"; };
		FA35EC39299A1CF600B75EF4 /* audio.png */ = {isa = PBXFileReference; lastKnownFileType = image.png; path = audio.png; sourceTree = "<group>"; };
		FA35EC3A299A1CF600B75EF4 /* audio@1x.png */ = {isa = PBXFileReference; lastKnownFileType = image.png; path = "audio@1x.png"; sourceTree = "<group>"; };
		FA35EC3C299A1CF700B75EF4 /* document@2x.png */ = {isa = PBXFileReference; lastKnownFileType = image.png; path = "document@2x.png"; sourceTree = "<group>"; };
		FA35EC3D299A1CF700B75EF4 /* document.png */ = {isa = PBXFileReference; lastKnownFileType = image.png; path = document.png; sourceTree = "<group>"; };
		FA35EC3E299A1CF700B75EF4 /* document@3x.png */ = {isa = PBXFileReference; lastKnownFileType = image.png; path = "document@3x.png"; sourceTree = "<group>"; };
		FA35EC3F299A1CF700B75EF4 /* document@1x.png */ = {isa = PBXFileReference; lastKnownFileType = image.png; path = "document@1x.png"; sourceTree = "<group>"; };
		FA5BB8012A2DB9B700AA4A1E /* Info.plist */ = {isa = PBXFileReference; lastKnownFileType = text.plist; path = Info.plist; sourceTree = "<group>"; };
		FA61E3742A5817F7005D963B /* ForwardMsgGrpListVC.swift */ = {isa = PBXFileReference; lastKnownFileType = sourcecode.swift; path = ForwardMsgGrpListVC.swift; sourceTree = "<group>"; };
		FA61E3752A5817F7005D963B /* ForwardMsgGrpListVC.xib */ = {isa = PBXFileReference; lastKnownFileType = file.xib; path = ForwardMsgGrpListVC.xib; sourceTree = "<group>"; };
		FA72AD2529C2FA80009B9B23 /* reply@3x.png */ = {isa = PBXFileReference; lastKnownFileType = image.png; path = "reply@3x.png"; sourceTree = "<group>"; };
		FA72AD2629C2FA80009B9B23 /* reply.png */ = {isa = PBXFileReference; lastKnownFileType = image.png; path = reply.png; sourceTree = "<group>"; };
		FA72AD2729C2FA80009B9B23 /* reply@2x.png */ = {isa = PBXFileReference; lastKnownFileType = image.png; path = "reply@2x.png"; sourceTree = "<group>"; };
		FA9817E129BA19F8007C59AB /* OwnReplyTVCell.xib */ = {isa = PBXFileReference; fileEncoding = 4; lastKnownFileType = file.xib; path = OwnReplyTVCell.xib; sourceTree = "<group>"; };
		FA9817E229BA19F8007C59AB /* OwnReplyTVCell.swift */ = {isa = PBXFileReference; fileEncoding = 4; lastKnownFileType = sourcecode.swift; path = OwnReplyTVCell.swift; sourceTree = "<group>"; };
		FA9817E529BA1A0F007C59AB /* OtherReplyTVCell.swift */ = {isa = PBXFileReference; fileEncoding = 4; lastKnownFileType = sourcecode.swift; path = OtherReplyTVCell.swift; sourceTree = "<group>"; };
		FA9817E629BA1A0F007C59AB /* OtherReplyTVCell.xib */ = {isa = PBXFileReference; fileEncoding = 4; lastKnownFileType = file.xib; path = OtherReplyTVCell.xib; sourceTree = "<group>"; };
		FAC2DB402A271AB1008CAD4E /* GetGroupList.swift */ = {isa = PBXFileReference; fileEncoding = 4; lastKnownFileType = sourcecode.swift; path = GetGroupList.swift; sourceTree = "<group>"; };
		FAC2DB412A271AB1008CAD4E /* GroupDetail.swift */ = {isa = PBXFileReference; fileEncoding = 4; lastKnownFileType = sourcecode.swift; path = GroupDetail.swift; sourceTree = "<group>"; };
		FAC2DB422A271AB1008CAD4E /* Users.swift */ = {isa = PBXFileReference; fileEncoding = 4; lastKnownFileType = sourcecode.swift; path = Users.swift; sourceTree = "<group>"; };
		FAC2DB432A271AB1008CAD4E /* GroupPermission.swift */ = {isa = PBXFileReference; fileEncoding = 4; lastKnownFileType = sourcecode.swift; path = GroupPermission.swift; sourceTree = "<group>"; };
		FAC2DB442A271AB1008CAD4E /* RecentMessage.swift */ = {isa = PBXFileReference; fileEncoding = 4; lastKnownFileType = sourcecode.swift; path = RecentMessage.swift; sourceTree = "<group>"; };
		FAC2DB452A271AB2008CAD4E /* LastUpdatedAt.swift */ = {isa = PBXFileReference; fileEncoding = 4; lastKnownFileType = sourcecode.swift; path = LastUpdatedAt.swift; sourceTree = "<group>"; };
		FAC2DB462A271AB2008CAD4E /* ReadCount.swift */ = {isa = PBXFileReference; fileEncoding = 4; lastKnownFileType = sourcecode.swift; path = ReadCount.swift; sourceTree = "<group>"; };
		FAC2DB472A271AB2008CAD4E /* Permission.swift */ = {isa = PBXFileReference; fileEncoding = 4; lastKnownFileType = sourcecode.swift; path = Permission.swift; sourceTree = "<group>"; };
		FAC2DB482A271AB2008CAD4E /* ModifiedAt.swift */ = {isa = PBXFileReference; fileEncoding = 4; lastKnownFileType = sourcecode.swift; path = ModifiedAt.swift; sourceTree = "<group>"; };
		FAC2DB492A271AB2008CAD4E /* CreateAt.swift */ = {isa = PBXFileReference; fileEncoding = 4; lastKnownFileType = sourcecode.swift; path = CreateAt.swift; sourceTree = "<group>"; };
		FAC2DB542A271AD5008CAD4E /* GetPreviousChat.swift */ = {isa = PBXFileReference; fileEncoding = 4; lastKnownFileType = sourcecode.swift; path = GetPreviousChat.swift; sourceTree = "<group>"; };
		FAFAA8242A581944002B7808 /* ForwardGrpTVCell.xib */ = {isa = PBXFileReference; fileEncoding = 4; lastKnownFileType = file.xib; path = ForwardGrpTVCell.xib; sourceTree = "<group>"; };
		FAFAA8252A581944002B7808 /* ForwardGrpTVCell.swift */ = {isa = PBXFileReference; fileEncoding = 4; lastKnownFileType = sourcecode.swift; path = ForwardGrpTVCell.swift; sourceTree = "<group>"; };
/* End PBXFileReference section */

/* Begin PBXFrameworksBuildPhase section */
		129196F428F6F971000AD9D4 /* Frameworks */ = {
			isa = PBXFrameworksBuildPhase;
			buildActionMask = 2147483647;
			files = (
				1269DA60297573F1003DA764 /* ProgressHUD in Frameworks */,
				1269DA5D297558DB003DA764 /* SocketIO in Frameworks */,
				9939A98AA49D52714BBA88B1 /* Pods_APlus.framework in Frameworks */,
			);
			runOnlyForDeploymentPostprocessing = 0;
		};
		129196FE28F6F971000AD9D4 /* Frameworks */ = {
			isa = PBXFrameworksBuildPhase;
			buildActionMask = 2147483647;
			files = (
				1291970228F6F971000AD9D4 /* APlus.framework in Frameworks */,
				F080B48AEF99D809A01034BF /* Pods_APlus_APlusTests.framework in Frameworks */,
			);
			runOnlyForDeploymentPostprocessing = 0;
		};
/* End PBXFrameworksBuildPhase section */

/* Begin PBXGroup section */
		12632366296D4F15001AD625 /* Fonts */ = {
			isa = PBXGroup;
			children = (
				12632367296D4F15001AD625 /* OpenSans-Semibold.ttf */,
				12632368296D4F15001AD625 /* OpenSans-Light.ttf */,
				12632369296D4F15001AD625 /* OpenSans-Italic.ttf */,
				1263236A296D4F15001AD625 /* OpenSans-ExtraBold.ttf */,
				1263236B296D4F15001AD625 /* OpenSans-LightItalic.ttf */,
				1263236C296D4F15001AD625 /* OpenSans-Bold.ttf */,
				1263236D296D4F15001AD625 /* OpenSans-SemiboldItalic.ttf */,
				1263236E296D4F15001AD625 /* OpenSans-ExtraBoldItalic.ttf */,
				1263236F296D4F15001AD625 /* OpenSans-Regular.ttf */,
				12632370296D4F15001AD625 /* OpenSans-BoldItalic.ttf */,
			);
			path = Fonts;
			sourceTree = "<group>";
		};
		129196ED28F6F971000AD9D4 = {
			isa = PBXGroup;
			children = (
				129196F928F6F971000AD9D4 /* APlus */,
				1291970528F6F971000AD9D4 /* APlusTests */,
				129196F828F6F971000AD9D4 /* Products */,
				506E955B7CAC4006AEF8716D /* Pods */,
				CAA4C95CBCEB3D51345C91E2 /* Frameworks */,
			);
			sourceTree = "<group>";
		};
		129196F828F6F971000AD9D4 /* Products */ = {
			isa = PBXGroup;
			children = (
				129196F728F6F971000AD9D4 /* APlus.framework */,
				1291970128F6F971000AD9D4 /* APlusTests.xctest */,
			);
			name = Products;
			sourceTree = "<group>";
		};
		129196F928F6F971000AD9D4 /* APlus */ = {
			isa = PBXGroup;
			children = (
				129197E128F6FAAB000AD9D4 /* SharedManagers */,
				129197A928F6FAAA000AD9D4 /* Model */,
				129197EF28F6FAAC000AD9D4 /* Protocols */,
				1291978D28F6FAAA000AD9D4 /* Controller */,
				129197BA28F6FAAB000AD9D4 /* View */,
				129197E728F6FAAB000AD9D4 /* SupportingFiles */,
				12B1614328FFFDD700FEB361 /* Images */,
				129196FA28F6F971000AD9D4 /* APlus.h */,
				129196FB28F6F971000AD9D4 /* APlus.docc */,
				12898DB328F7D8BB00DA4F75 /* Media.xcassets */,
			);
			path = APlus;
			sourceTree = "<group>";
		};
		1291970528F6F971000AD9D4 /* APlusTests */ = {
			isa = PBXGroup;
			children = (
				FA5BB8012A2DB9B700AA4A1E /* Info.plist */,
				1291970628F6F971000AD9D4 /* APlusTests.swift */,
			);
			path = APlusTests;
			sourceTree = "<group>";
		};
		1291978D28F6FAAA000AD9D4 /* Controller */ = {
			isa = PBXGroup;
			children = (
				129197A628F6FAAA000AD9D4 /* FirstVC */,
				1291978E28F6FAAA000AD9D4 /* UserChat */,
				129197A028F6FAAA000AD9D4 /* ContentInfoVC */,
				1291979728F6FAAA000AD9D4 /* ProfileDetailVC */,
				129197A328F6FAAA000AD9D4 /* ContactListVC */,
				1291979428F6FAAA000AD9D4 /* GroupContVC */,
				1291979A28F6FAAA000AD9D4 /* CreateGroupVC */,
				1291979D28F6FAAA000AD9D4 /* ImageViewerVC */,
				1291979128F6FAAA000AD9D4 /* AudioPlayVC */,
				FA61E3782A581801005D963B /* ForwardMsgGrpListVC */,
			);
			path = Controller;
			sourceTree = "<group>";
		};
		1291978E28F6FAAA000AD9D4 /* UserChat */ = {
			isa = PBXGroup;
			children = (
				1291978F28F6FAAA000AD9D4 /* UserChatVC.xib */,
				1291979028F6FAAA000AD9D4 /* ChatVC.swift */,
				129197EB28F6FAAB000AD9D4 /* ExtensionUserChatVC.swift */,
			);
			path = UserChat;
			sourceTree = "<group>";
		};
		1291979128F6FAAA000AD9D4 /* AudioPlayVC */ = {
			isa = PBXGroup;
			children = (
				1291979328F6FAAA000AD9D4 /* AudioPlayVC.xib */,
				1291979228F6FAAA000AD9D4 /* AudioPlayVC.swift */,
			);
			path = AudioPlayVC;
			sourceTree = "<group>";
		};
		1291979428F6FAAA000AD9D4 /* GroupContVC */ = {
			isa = PBXGroup;
			children = (
				1291979528F6FAAA000AD9D4 /* GroupContVC.xib */,
				1291979628F6FAAA000AD9D4 /* GroupContVC.swift */,
				129197E928F6FAAB000AD9D4 /* ExtensionGroupContactVC.swift */,
			);
			path = GroupContVC;
			sourceTree = "<group>";
		};
		1291979728F6FAAA000AD9D4 /* ProfileDetailVC */ = {
			isa = PBXGroup;
			children = (
				1291979828F6FAAA000AD9D4 /* ProfileDetail.xib */,
				1291979928F6FAAA000AD9D4 /* ProfDetailVC.swift */,
				129197ED28F6FAAB000AD9D4 /* ExtensionProfileDetailVC.swift */,
			);
			path = ProfileDetailVC;
			sourceTree = "<group>";
		};
		1291979A28F6FAAA000AD9D4 /* CreateGroupVC */ = {
			isa = PBXGroup;
			children = (
				1291979C28F6FAAA000AD9D4 /* CreateGrpVC.xib */,
				1291979B28F6FAAA000AD9D4 /* CreateGrpVC.swift */,
			);
			path = CreateGroupVC;
			sourceTree = "<group>";
		};
		1291979D28F6FAAA000AD9D4 /* ImageViewerVC */ = {
			isa = PBXGroup;
			children = (
				1291979E28F6FAAA000AD9D4 /* ImageViewerVC.xib */,
				1291979F28F6FAAA000AD9D4 /* ImgViewerVC.swift */,
			);
			path = ImageViewerVC;
			sourceTree = "<group>";
		};
		129197A028F6FAAA000AD9D4 /* ContentInfoVC */ = {
			isa = PBXGroup;
			children = (
				129197A128F6FAAA000AD9D4 /* ContactInfo.xib */,
				129197A228F6FAAA000AD9D4 /* ContactInfoVC.swift */,
				129197E828F6FAAB000AD9D4 /* ExtensionContectInfoVC.swift */,
			);
			path = ContentInfoVC;
			sourceTree = "<group>";
		};
		129197A328F6FAAA000AD9D4 /* ContactListVC */ = {
			isa = PBXGroup;
			children = (
				129197A428F6FAAA000AD9D4 /* ContactList.xib */,
				129197A528F6FAAA000AD9D4 /* ContListVC.swift */,
			);
			path = ContactListVC;
			sourceTree = "<group>";
		};
		129197A628F6FAAA000AD9D4 /* FirstVC */ = {
			isa = PBXGroup;
			children = (
				129197A828F6FAAA000AD9D4 /* FirstVC.xib */,
				129197A728F6FAAA000AD9D4 /* FirstVC.swift */,
			);
			path = FirstVC;
			sourceTree = "<group>";
		};
		129197A928F6FAAA000AD9D4 /* Model */ = {
			isa = PBXGroup;
			children = (
				129197B228F6FAAA000AD9D4 /* GetUserList */,
				129197AA28F6FAAA000AD9D4 /* GetPreviousChat */,
				129197AD28F6FAAA000AD9D4 /* ContactList */,
				FA0EC5692A29DC6100DB5BFE /* ChatModel.swift */,
				FA0EC56A2A29DC6100DB5BFE /* SentAt.swift */,
				FA0EC56B2A29DC6100DB5BFE /* TimeMilliSeconds.swift */,
			);
			path = Model;
			sourceTree = "<group>";
		};
		129197AA28F6FAAA000AD9D4 /* GetPreviousChat */ = {
			isa = PBXGroup;
			children = (
				FAC2DB542A271AD5008CAD4E /* GetPreviousChat.swift */,
			);
			path = GetPreviousChat;
			sourceTree = "<group>";
		};
		129197AD28F6FAAA000AD9D4 /* ContactList */ = {
			isa = PBXGroup;
			children = (
				1263235F296D4EB6001AD625 /* ContactList.swift */,
				12632360296D4EB6001AD625 /* List.swift */,
			);
			path = ContactList;
			sourceTree = "<group>";
		};
		129197B228F6FAAA000AD9D4 /* GetUserList */ = {
			isa = PBXGroup;
			children = (
				FAC2DB492A271AB2008CAD4E /* CreateAt.swift */,
				FAC2DB402A271AB1008CAD4E /* GetGroupList.swift */,
				FAC2DB412A271AB1008CAD4E /* GroupDetail.swift */,
				FAC2DB432A271AB1008CAD4E /* GroupPermission.swift */,
				FAC2DB452A271AB2008CAD4E /* LastUpdatedAt.swift */,
				FAC2DB482A271AB2008CAD4E /* ModifiedAt.swift */,
				FAC2DB472A271AB2008CAD4E /* Permission.swift */,
				FAC2DB462A271AB2008CAD4E /* ReadCount.swift */,
				FAC2DB442A271AB1008CAD4E /* RecentMessage.swift */,
				FAC2DB422A271AB1008CAD4E /* Users.swift */,
			);
			path = GetUserList;
			sourceTree = "<group>";
		};
		129197BA28F6FAAB000AD9D4 /* View */ = {
			isa = PBXGroup;
			children = (
				129197DB28F6FAAB000AD9D4 /* UserDetailTVCell */,
				129197D528F6FAAB000AD9D4 /* ContactTVCell */,
				129197DE28F6FAAB000AD9D4 /* GroupContactTVCell */,
				129197BB28F6FAAB000AD9D4 /* OwnChatCell */,
				129197C828F6FAAB000AD9D4 /* OtherChatCell */,
				FAFAA8282A58195F002B7808 /* ForwardGrpTVCell */,
			);
			path = View;
			sourceTree = "<group>";
		};
		129197BB28F6FAAB000AD9D4 /* OwnChatCell */ = {
			isa = PBXGroup;
			children = (
				129197BF28F6FAAB000AD9D4 /* OwnChatBubbleCell */,
				129197BC28F6FAAB000AD9D4 /* OwnImgChatBubbleCell */,
				129197C528F6FAAB000AD9D4 /* OwnFileBubbleCell */,
				129197C228F6FAAB000AD9D4 /* OwnAudioBubbleCell */,
				FA9817E929BA1A18007C59AB /* OwnReplyTVCell */,
			);
			path = OwnChatCell;
			sourceTree = "<group>";
		};
		129197BC28F6FAAB000AD9D4 /* OwnImgChatBubbleCell */ = {
			isa = PBXGroup;
			children = (
				129197BD28F6FAAB000AD9D4 /* OwnImgChatBubbleCell.xib */,
				129197BE28F6FAAB000AD9D4 /* OwnImgChatBubbleCell.swift */,
			);
			path = OwnImgChatBubbleCell;
			sourceTree = "<group>";
		};
		129197BF28F6FAAB000AD9D4 /* OwnChatBubbleCell */ = {
			isa = PBXGroup;
			children = (
				129197C028F6FAAB000AD9D4 /* OwnChatBubbleCell.xib */,
				129197C128F6FAAB000AD9D4 /* OwnChatBubbleCell.swift */,
			);
			path = OwnChatBubbleCell;
			sourceTree = "<group>";
		};
		129197C228F6FAAB000AD9D4 /* OwnAudioBubbleCell */ = {
			isa = PBXGroup;
			children = (
				129197C328F6FAAB000AD9D4 /* OwnAudioBubbleCell.swift */,
				129197C428F6FAAB000AD9D4 /* OwnAudioBubbleCell.xib */,
			);
			path = OwnAudioBubbleCell;
			sourceTree = "<group>";
		};
		129197C528F6FAAB000AD9D4 /* OwnFileBubbleCell */ = {
			isa = PBXGroup;
			children = (
				129197C628F6FAAB000AD9D4 /* OwnFileBubbleCell.xib */,
				129197C728F6FAAB000AD9D4 /* OwnFileBubbleCell.swift */,
			);
			path = OwnFileBubbleCell;
			sourceTree = "<group>";
		};
		129197C828F6FAAB000AD9D4 /* OtherChatCell */ = {
			isa = PBXGroup;
			children = (
				129197CC28F6FAAB000AD9D4 /* OtherChatBubbleCell */,
				129197C928F6FAAB000AD9D4 /* OtherImgChatBubbleCell */,
				129197D228F6FAAB000AD9D4 /* OtherFileBubbleCell */,
				129197CF28F6FAAB000AD9D4 /* OtherAudioBubbleCell */,
				FA9817EA29BA1A25007C59AB /* OtherReplyTVCell */,
			);
			path = OtherChatCell;
			sourceTree = "<group>";
		};
		129197C928F6FAAB000AD9D4 /* OtherImgChatBubbleCell */ = {
			isa = PBXGroup;
			children = (
				129197CA28F6FAAB000AD9D4 /* OtherImgChatBubbleCell.xib */,
				129197CB28F6FAAB000AD9D4 /* OtherImgChatBubbleCell.swift */,
			);
			path = OtherImgChatBubbleCell;
			sourceTree = "<group>";
		};
		129197CC28F6FAAB000AD9D4 /* OtherChatBubbleCell */ = {
			isa = PBXGroup;
			children = (
				129197CD28F6FAAB000AD9D4 /* OtherChatBubbleCell.swift */,
				129197CE28F6FAAB000AD9D4 /* OtherChatBubbleCell.xib */,
			);
			path = OtherChatBubbleCell;
			sourceTree = "<group>";
		};
		129197CF28F6FAAB000AD9D4 /* OtherAudioBubbleCell */ = {
			isa = PBXGroup;
			children = (
				129197D028F6FAAB000AD9D4 /* OtherAudioBubbleCell.swift */,
				129197D128F6FAAB000AD9D4 /* OtherAudioBubbleCell.xib */,
			);
			path = OtherAudioBubbleCell;
			sourceTree = "<group>";
		};
		129197D228F6FAAB000AD9D4 /* OtherFileBubbleCell */ = {
			isa = PBXGroup;
			children = (
				129197D328F6FAAB000AD9D4 /* OtherFileBubbleCell.xib */,
				129197D428F6FAAB000AD9D4 /* OtherFileBubbleCell.swift */,
			);
			path = OtherFileBubbleCell;
			sourceTree = "<group>";
		};
		129197D528F6FAAB000AD9D4 /* ContactTVCell */ = {
			isa = PBXGroup;
			children = (
				129197D728F6FAAB000AD9D4 /* ParticipantsTVCell */,
				129197D628F6FAAB000AD9D4 /* ContactTVCell.swift */,
				129197DA28F6FAAB000AD9D4 /* ContactTVCell.xib */,
			);
			path = ContactTVCell;
			sourceTree = "<group>";
		};
		129197D728F6FAAB000AD9D4 /* ParticipantsTVCell */ = {
			isa = PBXGroup;
			children = (
				129197D828F6FAAB000AD9D4 /* ParticipantsTVCell.xib */,
				129197D928F6FAAB000AD9D4 /* ParticipantsTVCell.swift */,
			);
			path = ParticipantsTVCell;
			sourceTree = "<group>";
		};
		129197DB28F6FAAB000AD9D4 /* UserDetailTVCell */ = {
			isa = PBXGroup;
			children = (
				129197DC28F6FAAB000AD9D4 /* UserDetailTVCell.xib */,
				129197DD28F6FAAB000AD9D4 /* UserDetailTVCell.swift */,
			);
			path = UserDetailTVCell;
			sourceTree = "<group>";
		};
		129197DE28F6FAAB000AD9D4 /* GroupContactTVCell */ = {
			isa = PBXGroup;
			children = (
				129197DF28F6FAAB000AD9D4 /* GrpContactTVCell.xib */,
				129197E028F6FAAB000AD9D4 /* GrpContactTVCell.swift */,
			);
			path = GroupContactTVCell;
			sourceTree = "<group>";
		};
		129197E128F6FAAB000AD9D4 /* SharedManagers */ = {
			isa = PBXGroup;
			children = (
				129197E228F6FAAB000AD9D4 /* ToastMessage */,
				12632334296D4896001AD625 /* SocketChatManager.swift */,
				12632331296D4896001AD625 /* NetworkManager.swift */,
				12632332296D4896001AD625 /* Reachability.swift */,
				12632335296D4896001AD625 /* MimeTypes.swift */,
			);
			path = SharedManagers;
			sourceTree = "<group>";
		};
		129197E228F6FAAB000AD9D4 /* ToastMessage */ = {
			isa = PBXGroup;
			children = (
				129197E328F6FAAB000AD9D4 /* ToastUtility.swift */,
			);
			path = ToastMessage;
			sourceTree = "<group>";
		};
		129197E728F6FAAB000AD9D4 /* SupportingFiles */ = {
			isa = PBXGroup;
			children = (
				12632366296D4F15001AD625 /* Fonts */,
				12632363296D4F15001AD625 /* Validations.swift */,
				12632364296D4F15001AD625 /* Utility.swift */,
				12632365296D4F15001AD625 /* Extension.swift */,
				12632371296D4F15001AD625 /* Enum.swift */,
			);
			path = SupportingFiles;
			sourceTree = "<group>";
		};
		129197EF28F6FAAC000AD9D4 /* Protocols */ = {
			isa = PBXGroup;
			children = (
				129197F028F6FAAC000AD9D4 /* Cancellable.swift */,
			);
			path = Protocols;
			sourceTree = "<group>";
		};
		12B1614328FFFDD700FEB361 /* Images */ = {
			isa = PBXGroup;
			children = (
				FA35EC36299A1CF600B75EF4 /* Audio */,
				FA35EC3B299A1CF700B75EF4 /* Document */,
				FA35EC31299A1CF600B75EF4 /* Image */,
				FA35EC2C299A1CF600B75EF4 /* Video */,
				12B8FAAC2976D109001680DB /* Checked */,
				12B8FAB92976D10A001680DB /* Play */,
				12B8FAB02976D109001680DB /* Unchecked */,
				FA9817E029BA0CF0007C59AB /* reply */,
				12B8FABD2976D10A001680DB /* chat-bg.png */,
				12B8FAC32976D10A001680DB /* group-placeholder.jpg */,
				12B8FAB82976D109001680DB /* placeholder-profile-img.png */,
				12B8FABE2976D10A001680DB /* default.png */,
			);
			path = Images;
			sourceTree = "<group>";
		};
		12B8FAAC2976D109001680DB /* Checked */ = {
			isa = PBXGroup;
			children = (
				12B8FAAD2976D109001680DB /* Checked.png */,
				12B8FAAE2976D109001680DB /* Checked@3x.png */,
				12B8FAAF2976D109001680DB /* Checked@2x.png */,
			);
			path = Checked;
			sourceTree = "<group>";
		};
		12B8FAB02976D109001680DB /* Unchecked */ = {
			isa = PBXGroup;
			children = (
				12B8FAB32976D109001680DB /* Unchecked.png */,
				12B8FAB12976D109001680DB /* Unchecked@2x.png */,
				12B8FAB22976D109001680DB /* Unchecked@3x.png */,
			);
			path = Unchecked;
			sourceTree = "<group>";
		};
		12B8FAB92976D10A001680DB /* Play */ = {
			isa = PBXGroup;
			children = (
				12B8FABC2976D10A001680DB /* Play.png */,
				12B8FABA2976D10A001680DB /* Play@3x.png */,
				12B8FABB2976D10A001680DB /* Play@2x.png */,
			);
			path = Play;
			sourceTree = "<group>";
		};
		506E955B7CAC4006AEF8716D /* Pods */ = {
			isa = PBXGroup;
			children = (
				E1C32E6CFDD6EFA0B1E54A91 /* Pods-APlus.debug.xcconfig */,
				93A7166BE1E8E52103F7B102 /* Pods-APlus.release.xcconfig */,
				4459653E97EAFD073AEEC89E /* Pods-APlus-APlusTests.debug.xcconfig */,
				73956D241E850909FBFAE256 /* Pods-APlus-APlusTests.release.xcconfig */,
			);
			path = Pods;
			sourceTree = "<group>";
		};
		CAA4C95CBCEB3D51345C91E2 /* Frameworks */ = {
			isa = PBXGroup;
			children = (
				6606705C6488F60CF2F9725A /* Pods_APlus.framework */,
				9003DF810F2794513CD87AE3 /* Pods_APlus_APlusTests.framework */,
			);
			name = Frameworks;
			sourceTree = "<group>";
		};
		FA35EC2C299A1CF600B75EF4 /* Video */ = {
			isa = PBXGroup;
			children = (
				FA35EC2E299A1CF600B75EF4 /* video.png */,
				FA35EC2D299A1CF600B75EF4 /* video@1x.png */,
				FA35EC2F299A1CF600B75EF4 /* video@2x.png */,
				FA35EC30299A1CF600B75EF4 /* video@3x.png */,
			);
			path = Video;
			sourceTree = "<group>";
		};
		FA35EC31299A1CF600B75EF4 /* Image */ = {
			isa = PBXGroup;
			children = (
				FA35EC35299A1CF600B75EF4 /* image.png */,
				FA35EC34299A1CF600B75EF4 /* image@1x.png */,
				FA35EC33299A1CF600B75EF4 /* image@2x.png */,
				FA35EC32299A1CF600B75EF4 /* image@3x.png */,
			);
			path = Image;
			sourceTree = "<group>";
		};
		FA35EC36299A1CF600B75EF4 /* Audio */ = {
			isa = PBXGroup;
			children = (
				FA35EC39299A1CF600B75EF4 /* audio.png */,
				FA35EC3A299A1CF600B75EF4 /* audio@1x.png */,
				FA35EC37299A1CF600B75EF4 /* audio@2x.png */,
				FA35EC38299A1CF600B75EF4 /* audio@3x.png */,
			);
			path = Audio;
			sourceTree = "<group>";
		};
		FA35EC3B299A1CF700B75EF4 /* Document */ = {
			isa = PBXGroup;
			children = (
				FA35EC3D299A1CF700B75EF4 /* document.png */,
				FA35EC3F299A1CF700B75EF4 /* document@1x.png */,
				FA35EC3C299A1CF700B75EF4 /* document@2x.png */,
				FA35EC3E299A1CF700B75EF4 /* document@3x.png */,
			);
			path = Document;
			sourceTree = "<group>";
		};
		FA61E3782A581801005D963B /* ForwardMsgGrpListVC */ = {
			isa = PBXGroup;
			children = (
				FA61E3742A5817F7005D963B /* ForwardMsgGrpListVC.swift */,
				FA61E3752A5817F7005D963B /* ForwardMsgGrpListVC.xib */,
			);
			path = ForwardMsgGrpListVC;
			sourceTree = "<group>";
		};
		FA9817E029BA0CF0007C59AB /* reply */ = {
			isa = PBXGroup;
			children = (
				FA72AD2629C2FA80009B9B23 /* reply.png */,
				FA72AD2729C2FA80009B9B23 /* reply@2x.png */,
				FA72AD2529C2FA80009B9B23 /* reply@3x.png */,
			);
			path = reply;
			sourceTree = "<group>";
		};
		FA9817E929BA1A18007C59AB /* OwnReplyTVCell */ = {
			isa = PBXGroup;
			children = (
				FA9817E229BA19F8007C59AB /* OwnReplyTVCell.swift */,
				FA9817E129BA19F8007C59AB /* OwnReplyTVCell.xib */,
			);
			path = OwnReplyTVCell;
			sourceTree = "<group>";
		};
		FA9817EA29BA1A25007C59AB /* OtherReplyTVCell */ = {
			isa = PBXGroup;
			children = (
				FA9817E529BA1A0F007C59AB /* OtherReplyTVCell.swift */,
				FA9817E629BA1A0F007C59AB /* OtherReplyTVCell.xib */,
			);
			path = OtherReplyTVCell;
			sourceTree = "<group>";
		};
		FAFAA8282A58195F002B7808 /* ForwardGrpTVCell */ = {
			isa = PBXGroup;
			children = (
				FAFAA8252A581944002B7808 /* ForwardGrpTVCell.swift */,
				FAFAA8242A581944002B7808 /* ForwardGrpTVCell.xib */,
			);
			path = ForwardGrpTVCell;
			sourceTree = "<group>";
		};
/* End PBXGroup section */

/* Begin PBXHeadersBuildPhase section */
		129196F228F6F971000AD9D4 /* Headers */ = {
			isa = PBXHeadersBuildPhase;
			buildActionMask = 2147483647;
			files = (
				1291970828F6F971000AD9D4 /* APlus.h in Headers */,
			);
			runOnlyForDeploymentPostprocessing = 0;
		};
/* End PBXHeadersBuildPhase section */

/* Begin PBXNativeTarget section */
		129196F628F6F971000AD9D4 /* APlus */ = {
			isa = PBXNativeTarget;
			buildConfigurationList = 1291970B28F6F971000AD9D4 /* Build configuration list for PBXNativeTarget "APlus" */;
			buildPhases = (
				7D6631C8F1E2FEA12E495977 /* [CP] Check Pods Manifest.lock */,
				129196F228F6F971000AD9D4 /* Headers */,
				129196F328F6F971000AD9D4 /* Sources */,
				129196F428F6F971000AD9D4 /* Frameworks */,
				129196F528F6F971000AD9D4 /* Resources */,
			);
			buildRules = (
			);
			dependencies = (
			);
			name = APlus;
			packageProductDependencies = (
				1269DA5C297558DB003DA764 /* SocketIO */,
				1269DA5F297573F1003DA764 /* ProgressHUD */,
			);
			productName = APlus;
			productReference = 129196F728F6F971000AD9D4 /* APlus.framework */;
			productType = "com.apple.product-type.framework";
		};
		1291970028F6F971000AD9D4 /* APlusTests */ = {
			isa = PBXNativeTarget;
			buildConfigurationList = 1291970E28F6F971000AD9D4 /* Build configuration list for PBXNativeTarget "APlusTests" */;
			buildPhases = (
				7B2A29575B9E6F9F713BF09B /* [CP] Check Pods Manifest.lock */,
				129196FD28F6F971000AD9D4 /* Sources */,
				129196FE28F6F971000AD9D4 /* Frameworks */,
				129196FF28F6F971000AD9D4 /* Resources */,
				65CE33C047603655E711B219 /* [CP] Embed Pods Frameworks */,
			);
			buildRules = (
			);
			dependencies = (
				1291970428F6F971000AD9D4 /* PBXTargetDependency */,
			);
			name = APlusTests;
			productName = APlusTests;
			productReference = 1291970128F6F971000AD9D4 /* APlusTests.xctest */;
			productType = "com.apple.product-type.bundle.unit-test";
		};
/* End PBXNativeTarget section */

/* Begin PBXProject section */
		129196EE28F6F971000AD9D4 /* Project object */ = {
			isa = PBXProject;
			attributes = {
				BuildIndependentTargetsInParallel = 1;
				LastSwiftUpdateCheck = 1400;
				LastUpgradeCheck = 1400;
				TargetAttributes = {
					129196F628F6F971000AD9D4 = {
						CreatedOnToolsVersion = 14.0;
					};
					1291970028F6F971000AD9D4 = {
						CreatedOnToolsVersion = 14.0;
					};
				};
			};
			buildConfigurationList = 129196F128F6F971000AD9D4 /* Build configuration list for PBXProject "APlus" */;
			compatibilityVersion = "Xcode 14.0";
			developmentRegion = en;
			hasScannedForEncodings = 0;
			knownRegions = (
				en,
				Base,
			);
			mainGroup = 129196ED28F6F971000AD9D4;
			packageReferences = (
				1269DA5B297558DB003DA764 /* XCRemoteSwiftPackageReference "socket.io-client-swift" */,
				1269DA5E297573F1003DA764 /* XCRemoteSwiftPackageReference "ProgressHUD" */,
			);
			productRefGroup = 129196F828F6F971000AD9D4 /* Products */;
			projectDirPath = "";
			projectRoot = "";
			targets = (
				129196F628F6F971000AD9D4 /* APlus */,
				1291970028F6F971000AD9D4 /* APlusTests */,
			);
		};
/* End PBXProject section */

/* Begin PBXResourcesBuildPhase section */
		129196F528F6F971000AD9D4 /* Resources */ = {
			isa = PBXResourcesBuildPhase;
			buildActionMask = 2147483647;
			files = (
				1291981028F6FAAC000AD9D4 /* OwnImgChatBubbleCell.xib in Resources */,
				1291982428F6FAAC000AD9D4 /* UserDetailTVCell.xib in Resources */,
				1291981528F6FAAC000AD9D4 /* OwnAudioBubbleCell.xib in Resources */,
				129197FF28F6FAAC000AD9D4 /* ContactList.xib in Resources */,
				FA35EC4F299A1CF700B75EF4 /* document@1x.png in Resources */,
				1291981B28F6FAAC000AD9D4 /* OtherChatBubbleCell.xib in Resources */,
				1263237A296D4F15001AD625 /* OpenSans-Bold.ttf in Resources */,
				12B8FAD02976D10A001680DB /* Unchecked@3x.png in Resources */,
				FA9817E329BA19F8007C59AB /* OwnReplyTVCell.xib in Resources */,
				FA35EC4C299A1CF700B75EF4 /* document@2x.png in Resources */,
				12632379296D4F15001AD625 /* OpenSans-LightItalic.ttf in Resources */,
				1263237D296D4F15001AD625 /* OpenSans-Regular.ttf in Resources */,
				FA35EC41299A1CF700B75EF4 /* video.png in Resources */,
				1291981E28F6FAAC000AD9D4 /* OtherFileBubbleCell.xib in Resources */,
				FA35EC43299A1CF700B75EF4 /* video@3x.png in Resources */,
				12B8FACD2976D10A001680DB /* Checked@3x.png in Resources */,
				12B8FAD72976D10A001680DB /* Play@2x.png in Resources */,
				FA35EC4A299A1CF700B75EF4 /* audio.png in Resources */,
				129197F128F6FAAC000AD9D4 /* UserChatVC.xib in Resources */,
				12B8FAD92976D10A001680DB /* chat-bg.png in Resources */,
				12B8FACE2976D10A001680DB /* Checked@2x.png in Resources */,
				FA35EC44299A1CF700B75EF4 /* image@3x.png in Resources */,
				FA72AD2829C2FA80009B9B23 /* reply@3x.png in Resources */,
				FA35EC45299A1CF700B75EF4 /* image@2x.png in Resources */,
				FA35EC47299A1CF700B75EF4 /* image.png in Resources */,
				129197F428F6FAAC000AD9D4 /* AudioPlayVC.xib in Resources */,
				FA72AD2929C2FA80009B9B23 /* reply.png in Resources */,
				FA35EC4B299A1CF700B75EF4 /* audio@1x.png in Resources */,
				12B8FAD12976D10A001680DB /* Unchecked.png in Resources */,
				1291981628F6FAAC000AD9D4 /* OwnFileBubbleCell.xib in Resources */,
				12632376296D4F15001AD625 /* OpenSans-Light.ttf in Resources */,
				1291981828F6FAAC000AD9D4 /* OtherImgChatBubbleCell.xib in Resources */,
				129197FB28F6FAAC000AD9D4 /* ImageViewerVC.xib in Resources */,
				1291982328F6FAAC000AD9D4 /* ContactTVCell.xib in Resources */,
				1291982628F6FAAC000AD9D4 /* GrpContactTVCell.xib in Resources */,
				FA9817E829BA1A0F007C59AB /* OtherReplyTVCell.xib in Resources */,
				1291981D28F6FAAC000AD9D4 /* OtherAudioBubbleCell.xib in Resources */,
				FAFAA8262A581944002B7808 /* ForwardGrpTVCell.xib in Resources */,
				12B8FAD52976D10A001680DB /* placeholder-profile-img.png in Resources */,
				FA35EC40299A1CF700B75EF4 /* video@1x.png in Resources */,
				12B8FADE2976D10A001680DB /* group-placeholder.jpg in Resources */,
				12B8FAD82976D10A001680DB /* Play.png in Resources */,
				1263237E296D4F15001AD625 /* OpenSans-BoldItalic.ttf in Resources */,
				1291982128F6FAAC000AD9D4 /* ParticipantsTVCell.xib in Resources */,
				129197F728F6FAAC000AD9D4 /* ProfileDetail.xib in Resources */,
				FA35EC4D299A1CF700B75EF4 /* document.png in Resources */,
				FA35EC42299A1CF700B75EF4 /* video@2x.png in Resources */,
				12898DB428F7D8BB00DA4F75 /* Media.xcassets in Resources */,
				12B8FAD62976D10A001680DB /* Play@3x.png in Resources */,
				FA61E3772A5817F7005D963B /* ForwardMsgGrpListVC.xib in Resources */,
				129197F528F6FAAC000AD9D4 /* GroupContVC.xib in Resources */,
				12632378296D4F15001AD625 /* OpenSans-ExtraBold.ttf in Resources */,
				12B8FADA2976D10A001680DB /* default.png in Resources */,
				129197FA28F6FAAC000AD9D4 /* CreateGrpVC.xib in Resources */,
				1263237B296D4F15001AD625 /* OpenSans-SemiboldItalic.ttf in Resources */,
				FA35EC4E299A1CF700B75EF4 /* document@3x.png in Resources */,
				FA35EC49299A1CF700B75EF4 /* audio@3x.png in Resources */,
				12632377296D4F15001AD625 /* OpenSans-Italic.ttf in Resources */,
				12632375296D4F15001AD625 /* OpenSans-Semibold.ttf in Resources */,
				1291981228F6FAAC000AD9D4 /* OwnChatBubbleCell.xib in Resources */,
				12B8FACC2976D10A001680DB /* Checked.png in Resources */,
				129197FD28F6FAAC000AD9D4 /* ContactInfo.xib in Resources */,
				FA35EC48299A1CF700B75EF4 /* audio@2x.png in Resources */,
				1263237C296D4F15001AD625 /* OpenSans-ExtraBoldItalic.ttf in Resources */,
				1291980228F6FAAC000AD9D4 /* FirstVC.xib in Resources */,
				12B8FACF2976D10A001680DB /* Unchecked@2x.png in Resources */,
				FA35EC46299A1CF700B75EF4 /* image@1x.png in Resources */,
				FA72AD2A29C2FA80009B9B23 /* reply@2x.png in Resources */,
			);
			runOnlyForDeploymentPostprocessing = 0;
		};
		129196FF28F6F971000AD9D4 /* Resources */ = {
			isa = PBXResourcesBuildPhase;
			buildActionMask = 2147483647;
			files = (
			);
			runOnlyForDeploymentPostprocessing = 0;
		};
/* End PBXResourcesBuildPhase section */

/* Begin PBXShellScriptBuildPhase section */
		65CE33C047603655E711B219 /* [CP] Embed Pods Frameworks */ = {
			isa = PBXShellScriptBuildPhase;
			buildActionMask = 2147483647;
			files = (
			);
			inputFileListPaths = (
				"${PODS_ROOT}/Target Support Files/Pods-APlus-APlusTests/Pods-APlus-APlusTests-frameworks-${CONFIGURATION}-input-files.xcfilelist",
			);
			name = "[CP] Embed Pods Frameworks";
			outputFileListPaths = (
				"${PODS_ROOT}/Target Support Files/Pods-APlus-APlusTests/Pods-APlus-APlusTests-frameworks-${CONFIGURATION}-output-files.xcfilelist",
			);
			runOnlyForDeploymentPostprocessing = 0;
			shellPath = /bin/sh;
			shellScript = "\"${PODS_ROOT}/Target Support Files/Pods-APlus-APlusTests/Pods-APlus-APlusTests-frameworks.sh\"\n";
			showEnvVarsInLog = 0;
		};
		7B2A29575B9E6F9F713BF09B /* [CP] Check Pods Manifest.lock */ = {
			isa = PBXShellScriptBuildPhase;
			buildActionMask = 2147483647;
			files = (
			);
			inputFileListPaths = (
			);
			inputPaths = (
				"${PODS_PODFILE_DIR_PATH}/Podfile.lock",
				"${PODS_ROOT}/Manifest.lock",
			);
			name = "[CP] Check Pods Manifest.lock";
			outputFileListPaths = (
			);
			outputPaths = (
				"$(DERIVED_FILE_DIR)/Pods-APlus-APlusTests-checkManifestLockResult.txt",
			);
			runOnlyForDeploymentPostprocessing = 0;
			shellPath = /bin/sh;
			shellScript = "diff \"${PODS_PODFILE_DIR_PATH}/Podfile.lock\" \"${PODS_ROOT}/Manifest.lock\" > /dev/null\nif [ $? != 0 ] ; then\n    # print error to STDERR\n    echo \"error: The sandbox is not in sync with the Podfile.lock. Run 'pod install' or update your CocoaPods installation.\" >&2\n    exit 1\nfi\n# This output is used by Xcode 'outputs' to avoid re-running this script phase.\necho \"SUCCESS\" > \"${SCRIPT_OUTPUT_FILE_0}\"\n";
			showEnvVarsInLog = 0;
		};
		7D6631C8F1E2FEA12E495977 /* [CP] Check Pods Manifest.lock */ = {
			isa = PBXShellScriptBuildPhase;
			buildActionMask = 2147483647;
			files = (
			);
			inputFileListPaths = (
			);
			inputPaths = (
				"${PODS_PODFILE_DIR_PATH}/Podfile.lock",
				"${PODS_ROOT}/Manifest.lock",
			);
			name = "[CP] Check Pods Manifest.lock";
			outputFileListPaths = (
			);
			outputPaths = (
				"$(DERIVED_FILE_DIR)/Pods-APlus-checkManifestLockResult.txt",
			);
			runOnlyForDeploymentPostprocessing = 0;
			shellPath = /bin/sh;
			shellScript = "diff \"${PODS_PODFILE_DIR_PATH}/Podfile.lock\" \"${PODS_ROOT}/Manifest.lock\" > /dev/null\nif [ $? != 0 ] ; then\n    # print error to STDERR\n    echo \"error: The sandbox is not in sync with the Podfile.lock. Run 'pod install' or update your CocoaPods installation.\" >&2\n    exit 1\nfi\n# This output is used by Xcode 'outputs' to avoid re-running this script phase.\necho \"SUCCESS\" > \"${SCRIPT_OUTPUT_FILE_0}\"\n";
			showEnvVarsInLog = 0;
		};
/* End PBXShellScriptBuildPhase section */

/* Begin PBXSourcesBuildPhase section */
		129196F328F6F971000AD9D4 /* Sources */ = {
			isa = PBXSourcesBuildPhase;
			buildActionMask = 2147483647;
			files = (
				1291983128F6FAAC000AD9D4 /* ExtensionProfileDetailVC.swift in Sources */,
				129197F228F6FAAC000AD9D4 /* ChatVC.swift in Sources */,
				129197FC28F6FAAC000AD9D4 /* ImgViewerVC.swift in Sources */,
				1291981928F6FAAC000AD9D4 /* OtherImgChatBubbleCell.swift in Sources */,
				12632372296D4F15001AD625 /* Validations.swift in Sources */,
				129196FC28F6F971000AD9D4 /* APlus.docc in Sources */,
				FAC2DB4D2A271AB2008CAD4E /* GroupPermission.swift in Sources */,
				FAC2DB4C2A271AB2008CAD4E /* Users.swift in Sources */,
				FAC2DB4F2A271AB2008CAD4E /* LastUpdatedAt.swift in Sources */,
				FAC2DB502A271AB2008CAD4E /* ReadCount.swift in Sources */,
				1291982028F6FAAC000AD9D4 /* ContactTVCell.swift in Sources */,
				FA0EC56D2A29DC6100DB5BFE /* SentAt.swift in Sources */,
				FA0EC56C2A29DC6100DB5BFE /* ChatModel.swift in Sources */,
				1263233A296D4896001AD625 /* MimeTypes.swift in Sources */,
				1291980128F6FAAC000AD9D4 /* FirstVC.swift in Sources */,
				1291982228F6FAAC000AD9D4 /* ParticipantsTVCell.swift in Sources */,
				1291982F28F6FAAC000AD9D4 /* ExtensionUserChatVC.swift in Sources */,
				FA9817E429BA19F8007C59AB /* OwnReplyTVCell.swift in Sources */,
				1291983328F6FAAC000AD9D4 /* Cancellable.swift in Sources */,
				FAC2DB552A271AD5008CAD4E /* GetPreviousChat.swift in Sources */,
				1263237F296D4F15001AD625 /* Enum.swift in Sources */,
				1291981128F6FAAC000AD9D4 /* OwnImgChatBubbleCell.swift in Sources */,
				129197F928F6FAAC000AD9D4 /* CreateGrpVC.swift in Sources */,
				1291982C28F6FAAC000AD9D4 /* ExtensionContectInfoVC.swift in Sources */,
				FAC2DB4E2A271AB2008CAD4E /* RecentMessage.swift in Sources */,
				12632339296D4896001AD625 /* SocketChatManager.swift in Sources */,
				12632362296D4EB6001AD625 /* List.swift in Sources */,
				129197F828F6FAAC000AD9D4 /* ProfDetailVC.swift in Sources */,
				FA9817E729BA1A0F007C59AB /* OtherReplyTVCell.swift in Sources */,
				FAC2DB532A271AB2008CAD4E /* CreateAt.swift in Sources */,
				129197F628F6FAAC000AD9D4 /* GroupContVC.swift in Sources */,
				FAC2DB4B2A271AB2008CAD4E /* GroupDetail.swift in Sources */,
				FAC2DB522A271AB2008CAD4E /* ModifiedAt.swift in Sources */,
				1291981428F6FAAC000AD9D4 /* OwnAudioBubbleCell.swift in Sources */,
				FAC2DB512A271AB2008CAD4E /* Permission.swift in Sources */,
				12632336296D4896001AD625 /* NetworkManager.swift in Sources */,
				1291982D28F6FAAC000AD9D4 /* ExtensionGroupContactVC.swift in Sources */,
				1291981C28F6FAAC000AD9D4 /* OtherAudioBubbleCell.swift in Sources */,
				1291982728F6FAAC000AD9D4 /* GrpContactTVCell.swift in Sources */,
				FAC2DB4A2A271AB2008CAD4E /* GetGroupList.swift in Sources */,
				1291980028F6FAAC000AD9D4 /* ContListVC.swift in Sources */,
				FAFAA8272A581944002B7808 /* ForwardGrpTVCell.swift in Sources */,
				1291981728F6FAAC000AD9D4 /* OwnFileBubbleCell.swift in Sources */,
				1291981A28F6FAAC000AD9D4 /* OtherChatBubbleCell.swift in Sources */,
				129197F328F6FAAC000AD9D4 /* AudioPlayVC.swift in Sources */,
				FA61E3762A5817F7005D963B /* ForwardMsgGrpListVC.swift in Sources */,
				12632361296D4EB6001AD625 /* ContactList.swift in Sources */,
				129197FE28F6FAAC000AD9D4 /* ContactInfoVC.swift in Sources */,
				1291982828F6FAAC000AD9D4 /* ToastUtility.swift in Sources */,
				1291982528F6FAAC000AD9D4 /* UserDetailTVCell.swift in Sources */,
				12632337296D4896001AD625 /* Reachability.swift in Sources */,
				12632374296D4F15001AD625 /* Extension.swift in Sources */,
				FA0EC56E2A29DC6100DB5BFE /* TimeMilliSeconds.swift in Sources */,
				12632373296D4F15001AD625 /* Utility.swift in Sources */,
				1291981328F6FAAC000AD9D4 /* OwnChatBubbleCell.swift in Sources */,
				1291981F28F6FAAC000AD9D4 /* OtherFileBubbleCell.swift in Sources */,
			);
			runOnlyForDeploymentPostprocessing = 0;
		};
		129196FD28F6F971000AD9D4 /* Sources */ = {
			isa = PBXSourcesBuildPhase;
			buildActionMask = 2147483647;
			files = (
				1291970728F6F971000AD9D4 /* APlusTests.swift in Sources */,
			);
			runOnlyForDeploymentPostprocessing = 0;
		};
/* End PBXSourcesBuildPhase section */

/* Begin PBXTargetDependency section */
		1291970428F6F971000AD9D4 /* PBXTargetDependency */ = {
			isa = PBXTargetDependency;
			target = 129196F628F6F971000AD9D4 /* APlus */;
			targetProxy = 1291970328F6F971000AD9D4 /* PBXContainerItemProxy */;
		};
/* End PBXTargetDependency section */

/* Begin XCBuildConfiguration section */
		1291970928F6F971000AD9D4 /* Debug */ = {
			isa = XCBuildConfiguration;
			buildSettings = {
				ALWAYS_SEARCH_USER_PATHS = NO;
				CLANG_ANALYZER_NONNULL = YES;
				CLANG_ANALYZER_NUMBER_OBJECT_CONVERSION = YES_AGGRESSIVE;
				CLANG_CXX_LANGUAGE_STANDARD = "gnu++20";
				CLANG_ENABLE_MODULES = YES;
				CLANG_ENABLE_OBJC_ARC = YES;
				CLANG_ENABLE_OBJC_WEAK = YES;
				CLANG_WARN_BLOCK_CAPTURE_AUTORELEASING = YES;
				CLANG_WARN_BOOL_CONVERSION = YES;
				CLANG_WARN_COMMA = YES;
				CLANG_WARN_CONSTANT_CONVERSION = YES;
				CLANG_WARN_DEPRECATED_OBJC_IMPLEMENTATIONS = YES;
				CLANG_WARN_DIRECT_OBJC_ISA_USAGE = YES_ERROR;
				CLANG_WARN_DOCUMENTATION_COMMENTS = YES;
				CLANG_WARN_EMPTY_BODY = YES;
				CLANG_WARN_ENUM_CONVERSION = YES;
				CLANG_WARN_INFINITE_RECURSION = YES;
				CLANG_WARN_INT_CONVERSION = YES;
				CLANG_WARN_NON_LITERAL_NULL_CONVERSION = YES;
				CLANG_WARN_OBJC_IMPLICIT_RETAIN_SELF = YES;
				CLANG_WARN_OBJC_LITERAL_CONVERSION = YES;
				CLANG_WARN_OBJC_ROOT_CLASS = YES_ERROR;
				CLANG_WARN_QUOTED_INCLUDE_IN_FRAMEWORK_HEADER = YES;
				CLANG_WARN_RANGE_LOOP_ANALYSIS = YES;
				CLANG_WARN_STRICT_PROTOTYPES = YES;
				CLANG_WARN_SUSPICIOUS_MOVE = YES;
				CLANG_WARN_UNGUARDED_AVAILABILITY = YES_AGGRESSIVE;
				CLANG_WARN_UNREACHABLE_CODE = YES;
				CLANG_WARN__DUPLICATE_METHOD_MATCH = YES;
				COPY_PHASE_STRIP = NO;
				CURRENT_PROJECT_VERSION = 1;
				DEBUG_INFORMATION_FORMAT = dwarf;
				ENABLE_STRICT_OBJC_MSGSEND = YES;
				ENABLE_TESTABILITY = YES;
				GCC_C_LANGUAGE_STANDARD = gnu11;
				GCC_DYNAMIC_NO_PIC = NO;
				GCC_NO_COMMON_BLOCKS = YES;
				GCC_OPTIMIZATION_LEVEL = 0;
				GCC_PREPROCESSOR_DEFINITIONS = (
					"DEBUG=1",
					"$(inherited)",
				);
				GCC_WARN_64_TO_32_BIT_CONVERSION = YES;
				GCC_WARN_ABOUT_RETURN_TYPE = YES_ERROR;
				GCC_WARN_UNDECLARED_SELECTOR = YES;
				GCC_WARN_UNINITIALIZED_AUTOS = YES_AGGRESSIVE;
				GCC_WARN_UNUSED_FUNCTION = YES;
				GCC_WARN_UNUSED_VARIABLE = YES;
				IPHONEOS_DEPLOYMENT_TARGET = 13.0;
				MTL_ENABLE_DEBUG_INFO = INCLUDE_SOURCE;
				MTL_FAST_MATH = YES;
				ONLY_ACTIVE_ARCH = YES;
				SDKROOT = iphoneos;
				SWIFT_ACTIVE_COMPILATION_CONDITIONS = DEBUG;
				SWIFT_OPTIMIZATION_LEVEL = "-Onone";
				VERSIONING_SYSTEM = "apple-generic";
				VERSION_INFO_PREFIX = "";
			};
			name = Debug;
		};
		1291970A28F6F971000AD9D4 /* Release */ = {
			isa = XCBuildConfiguration;
			buildSettings = {
				ALWAYS_SEARCH_USER_PATHS = NO;
				CLANG_ANALYZER_NONNULL = YES;
				CLANG_ANALYZER_NUMBER_OBJECT_CONVERSION = YES_AGGRESSIVE;
				CLANG_CXX_LANGUAGE_STANDARD = "gnu++20";
				CLANG_ENABLE_MODULES = YES;
				CLANG_ENABLE_OBJC_ARC = YES;
				CLANG_ENABLE_OBJC_WEAK = YES;
				CLANG_WARN_BLOCK_CAPTURE_AUTORELEASING = YES;
				CLANG_WARN_BOOL_CONVERSION = YES;
				CLANG_WARN_COMMA = YES;
				CLANG_WARN_CONSTANT_CONVERSION = YES;
				CLANG_WARN_DEPRECATED_OBJC_IMPLEMENTATIONS = YES;
				CLANG_WARN_DIRECT_OBJC_ISA_USAGE = YES_ERROR;
				CLANG_WARN_DOCUMENTATION_COMMENTS = YES;
				CLANG_WARN_EMPTY_BODY = YES;
				CLANG_WARN_ENUM_CONVERSION = YES;
				CLANG_WARN_INFINITE_RECURSION = YES;
				CLANG_WARN_INT_CONVERSION = YES;
				CLANG_WARN_NON_LITERAL_NULL_CONVERSION = YES;
				CLANG_WARN_OBJC_IMPLICIT_RETAIN_SELF = YES;
				CLANG_WARN_OBJC_LITERAL_CONVERSION = YES;
				CLANG_WARN_OBJC_ROOT_CLASS = YES_ERROR;
				CLANG_WARN_QUOTED_INCLUDE_IN_FRAMEWORK_HEADER = YES;
				CLANG_WARN_RANGE_LOOP_ANALYSIS = YES;
				CLANG_WARN_STRICT_PROTOTYPES = YES;
				CLANG_WARN_SUSPICIOUS_MOVE = YES;
				CLANG_WARN_UNGUARDED_AVAILABILITY = YES_AGGRESSIVE;
				CLANG_WARN_UNREACHABLE_CODE = YES;
				CLANG_WARN__DUPLICATE_METHOD_MATCH = YES;
				COPY_PHASE_STRIP = NO;
				CURRENT_PROJECT_VERSION = 1;
				DEBUG_INFORMATION_FORMAT = "dwarf-with-dsym";
				ENABLE_NS_ASSERTIONS = NO;
				ENABLE_STRICT_OBJC_MSGSEND = YES;
				GCC_C_LANGUAGE_STANDARD = gnu11;
				GCC_NO_COMMON_BLOCKS = YES;
				GCC_WARN_64_TO_32_BIT_CONVERSION = YES;
				GCC_WARN_ABOUT_RETURN_TYPE = YES_ERROR;
				GCC_WARN_UNDECLARED_SELECTOR = YES;
				GCC_WARN_UNINITIALIZED_AUTOS = YES_AGGRESSIVE;
				GCC_WARN_UNUSED_FUNCTION = YES;
				GCC_WARN_UNUSED_VARIABLE = YES;
				IPHONEOS_DEPLOYMENT_TARGET = 13.0;
				MTL_ENABLE_DEBUG_INFO = NO;
				MTL_FAST_MATH = YES;
				SDKROOT = iphoneos;
				SWIFT_COMPILATION_MODE = wholemodule;
				SWIFT_OPTIMIZATION_LEVEL = "-O";
				VALIDATE_PRODUCT = YES;
				VERSIONING_SYSTEM = "apple-generic";
				VERSION_INFO_PREFIX = "";
			};
			name = Release;
		};
		1291970C28F6F971000AD9D4 /* Debug */ = {
			isa = XCBuildConfiguration;
			baseConfigurationReference = E1C32E6CFDD6EFA0B1E54A91 /* Pods-APlus.debug.xcconfig */;
			buildSettings = {
				CODE_SIGN_STYLE = Automatic;
				CURRENT_PROJECT_VERSION = 1;
				DEFINES_MODULE = YES;
				DEVELOPMENT_TEAM = 27B9XTLYR7;
				DYLIB_COMPATIBILITY_VERSION = 1;
				DYLIB_CURRENT_VERSION = 1;
				DYLIB_INSTALL_NAME_BASE = "@rpath";
				GENERATE_INFOPLIST_FILE = YES;
				INFOPLIST_KEY_NSHumanReadableCopyright = "";
				INSTALL_PATH = "$(LOCAL_LIBRARY_DIR)/Frameworks";
				IPHONEOS_DEPLOYMENT_TARGET = 13.0;
				LD_RUNPATH_SEARCH_PATHS = (
					"$(inherited)",
					"@executable_path/Frameworks",
					"@loader_path/Frameworks",
				);
				MARKETING_VERSION = 1.0;
				PRODUCT_BUNDLE_IDENTIFIER = com.age..APlus;
				PRODUCT_NAME = "$(TARGET_NAME:c99extidentifier)";
				SKIP_INSTALL = YES;
				SUPPORTED_PLATFORMS = "iphoneos iphonesimulator";
				SUPPORTS_MACCATALYST = NO;
				SUPPORTS_MAC_DESIGNED_FOR_IPHONE_IPAD = NO;
				SWIFT_EMIT_LOC_STRINGS = YES;
				SWIFT_VERSION = 5.0;
				TARGETED_DEVICE_FAMILY = "1,2";
			};
			name = Debug;
		};
		1291970D28F6F971000AD9D4 /* Release */ = {
			isa = XCBuildConfiguration;
			baseConfigurationReference = 93A7166BE1E8E52103F7B102 /* Pods-APlus.release.xcconfig */;
			buildSettings = {
				CODE_SIGN_STYLE = Automatic;
				CURRENT_PROJECT_VERSION = 1;
				DEFINES_MODULE = YES;
				DEVELOPMENT_TEAM = 27B9XTLYR7;
				DYLIB_COMPATIBILITY_VERSION = 1;
				DYLIB_CURRENT_VERSION = 1;
				DYLIB_INSTALL_NAME_BASE = "@rpath";
				GENERATE_INFOPLIST_FILE = YES;
				INFOPLIST_KEY_NSHumanReadableCopyright = "";
				INSTALL_PATH = "$(LOCAL_LIBRARY_DIR)/Frameworks";
				IPHONEOS_DEPLOYMENT_TARGET = 13.0;
				LD_RUNPATH_SEARCH_PATHS = (
					"$(inherited)",
					"@executable_path/Frameworks",
					"@loader_path/Frameworks",
				);
				MARKETING_VERSION = 1.0;
				PRODUCT_BUNDLE_IDENTIFIER = com.age..APlus;
				PRODUCT_NAME = "$(TARGET_NAME:c99extidentifier)";
				SKIP_INSTALL = YES;
				SUPPORTED_PLATFORMS = "iphoneos iphonesimulator";
				SUPPORTS_MACCATALYST = NO;
				SUPPORTS_MAC_DESIGNED_FOR_IPHONE_IPAD = NO;
				SWIFT_EMIT_LOC_STRINGS = YES;
				SWIFT_VERSION = 5.0;
				TARGETED_DEVICE_FAMILY = "1,2";
			};
			name = Release;
		};
		1291970F28F6F971000AD9D4 /* Debug */ = {
			isa = XCBuildConfiguration;
			baseConfigurationReference = 4459653E97EAFD073AEEC89E /* Pods-APlus-APlusTests.debug.xcconfig */;
			buildSettings = {
				ALWAYS_EMBED_SWIFT_STANDARD_LIBRARIES = YES;
				CODE_SIGN_STYLE = Automatic;
				CURRENT_PROJECT_VERSION = 1;
				DEVELOPMENT_TEAM = 27B9XTLYR7;
				GENERATE_INFOPLIST_FILE = YES;
				INFOPLIST_FILE = APlusTests/Info.plist;
				INFOPLIST_KEY_NSCameraUsageDescription = "$(PRODUCT_NAME) media library use";
				MARKETING_VERSION = 1.0;
				PRODUCT_BUNDLE_IDENTIFIER = com.age..APlusTests;
				PRODUCT_NAME = "$(TARGET_NAME)";
				SUPPORTED_PLATFORMS = "iphoneos iphonesimulator";
				SUPPORTS_MACCATALYST = NO;
				SUPPORTS_MAC_DESIGNED_FOR_IPHONE_IPAD = NO;
				SWIFT_EMIT_LOC_STRINGS = NO;
				SWIFT_VERSION = 5.0;
				TARGETED_DEVICE_FAMILY = "1,2";
			};
			name = Debug;
		};
		1291971028F6F971000AD9D4 /* Release */ = {
			isa = XCBuildConfiguration;
			baseConfigurationReference = 73956D241E850909FBFAE256 /* Pods-APlus-APlusTests.release.xcconfig */;
			buildSettings = {
				ALWAYS_EMBED_SWIFT_STANDARD_LIBRARIES = YES;
				CODE_SIGN_STYLE = Automatic;
				CURRENT_PROJECT_VERSION = 1;
				DEVELOPMENT_TEAM = 27B9XTLYR7;
				GENERATE_INFOPLIST_FILE = YES;
				INFOPLIST_FILE = APlusTests/Info.plist;
				INFOPLIST_KEY_NSCameraUsageDescription = "$(PRODUCT_NAME) media library use";
				MARKETING_VERSION = 1.0;
				PRODUCT_BUNDLE_IDENTIFIER = com.age..APlusTests;
				PRODUCT_NAME = "$(TARGET_NAME)";
				SUPPORTED_PLATFORMS = "iphoneos iphonesimulator";
				SUPPORTS_MACCATALYST = NO;
				SUPPORTS_MAC_DESIGNED_FOR_IPHONE_IPAD = NO;
				SWIFT_EMIT_LOC_STRINGS = NO;
				SWIFT_VERSION = 5.0;
				TARGETED_DEVICE_FAMILY = "1,2";
			};
			name = Release;
		};
/* End XCBuildConfiguration section */

/* Begin XCConfigurationList section */
		129196F128F6F971000AD9D4 /* Build configuration list for PBXProject "APlus" */ = {
			isa = XCConfigurationList;
			buildConfigurations = (
				1291970928F6F971000AD9D4 /* Debug */,
				1291970A28F6F971000AD9D4 /* Release */,
			);
			defaultConfigurationIsVisible = 0;
			defaultConfigurationName = Release;
		};
		1291970B28F6F971000AD9D4 /* Build configuration list for PBXNativeTarget "APlus" */ = {
			isa = XCConfigurationList;
			buildConfigurations = (
				1291970C28F6F971000AD9D4 /* Debug */,
				1291970D28F6F971000AD9D4 /* Release */,
			);
			defaultConfigurationIsVisible = 0;
			defaultConfigurationName = Release;
		};
		1291970E28F6F971000AD9D4 /* Build configuration list for PBXNativeTarget "APlusTests" */ = {
			isa = XCConfigurationList;
			buildConfigurations = (
				1291970F28F6F971000AD9D4 /* Debug */,
				1291971028F6F971000AD9D4 /* Release */,
			);
			defaultConfigurationIsVisible = 0;
			defaultConfigurationName = Release;
		};
/* End XCConfigurationList section */

/* Begin XCRemoteSwiftPackageReference section */
		1269DA5B297558DB003DA764 /* XCRemoteSwiftPackageReference "socket.io-client-swift" */ = {
			isa = XCRemoteSwiftPackageReference;
			repositoryURL = "https://github.com/socketio/socket.io-client-swift";
			requirement = {
				branch = master;
				kind = branch;
			};
		};
		1269DA5E297573F1003DA764 /* XCRemoteSwiftPackageReference "ProgressHUD" */ = {
			isa = XCRemoteSwiftPackageReference;
			repositoryURL = "https://github.com/relatedcode/ProgressHUD";
			requirement = {
				branch = master;
				kind = branch;
			};
		};
/* End XCRemoteSwiftPackageReference section */

/* Begin XCSwiftPackageProductDependency section */
		1269DA5C297558DB003DA764 /* SocketIO */ = {
			isa = XCSwiftPackageProductDependency;
			package = 1269DA5B297558DB003DA764 /* XCRemoteSwiftPackageReference "socket.io-client-swift" */;
			productName = SocketIO;
		};
		1269DA5F297573F1003DA764 /* ProgressHUD */ = {
			isa = XCSwiftPackageProductDependency;
			package = 1269DA5E297573F1003DA764 /* XCRemoteSwiftPackageReference "ProgressHUD" */;
			productName = ProgressHUD;
		};
/* End XCSwiftPackageProductDependency section */
	};
	rootObject = 129196EE28F6F971000AD9D4 /* Project object */;
}
